// !$*UTF8*$!
{
	archiveVersion = 1;
	classes = {
	};
	objectVersion = 50;
	objects = {

/* Begin PBXBuildFile section */
		48A6112C2521F411007C81F2 /* AppDelegate.swift in Sources */ = {isa = PBXBuildFile; fileRef = 48A6112B2521F411007C81F2 /* AppDelegate.swift */; };
		48A6112E2521F411007C81F2 /* SceneDelegate.swift in Sources */ = {isa = PBXBuildFile; fileRef = 48A6112D2521F411007C81F2 /* SceneDelegate.swift */; };
		48A611302521F411007C81F2 /* ViewController.swift in Sources */ = {isa = PBXBuildFile; fileRef = 48A6112F2521F411007C81F2 /* ViewController.swift */; };
		48A611332521F411007C81F2 /* Main.storyboard in Resources */ = {isa = PBXBuildFile; fileRef = 48A611312521F411007C81F2 /* Main.storyboard */; };
		48A611352521F419007C81F2 /* Assets.xcassets in Resources */ = {isa = PBXBuildFile; fileRef = 48A611342521F419007C81F2 /* Assets.xcassets */; };
		48A611382521F419007C81F2 /* LaunchScreen.storyboard in Resources */ = {isa = PBXBuildFile; fileRef = 48A611362521F419007C81F2 /* LaunchScreen.storyboard */; };
		48A611432521F419007C81F2 /* Practice_9_1Tests.swift in Sources */ = {isa = PBXBuildFile; fileRef = 48A611422521F419007C81F2 /* Practice_9_1Tests.swift */; };
		48A6114E2521F419007C81F2 /* Practice_9_1UITests.swift in Sources */ = {isa = PBXBuildFile; fileRef = 48A6114D2521F419007C81F2 /* Practice_9_1UITests.swift */; };
/* End PBXBuildFile section */

/* Begin PBXContainerItemProxy section */
		48A6113F2521F419007C81F2 /* PBXContainerItemProxy */ = {
			isa = PBXContainerItemProxy;
			containerPortal = 48A611202521F411007C81F2 /* Project object */;
			proxyType = 1;
			remoteGlobalIDString = 48A611272521F411007C81F2;
			remoteInfo = Practice_9_1;
		};
		48A6114A2521F419007C81F2 /* PBXContainerItemProxy */ = {
			isa = PBXContainerItemProxy;
			containerPortal = 48A611202521F411007C81F2 /* Project object */;
			proxyType = 1;
			remoteGlobalIDString = 48A611272521F411007C81F2;
			remoteInfo = Practice_9_1;
		};
/* End PBXContainerItemProxy section */

/* Begin PBXFileReference section */
		48A611282521F411007C81F2 /* Practice_9_1.app */ = {isa = PBXFileReference; explicitFileType = wrapper.application; includeInIndex = 0; path = Practice_9_1.app; sourceTree = BUILT_PRODUCTS_DIR; };
		48A6112B2521F411007C81F2 /* AppDelegate.swift */ = {isa = PBXFileReference; lastKnownFileType = sourcecode.swift; path = AppDelegate.swift; sourceTree = "<group>"; };
		48A6112D2521F411007C81F2 /* SceneDelegate.swift */ = {isa = PBXFileReference; lastKnownFileType = sourcecode.swift; path = SceneDelegate.swift; sourceTree = "<group>"; };
		48A6112F2521F411007C81F2 /* ViewController.swift */ = {isa = PBXFileReference; lastKnownFileType = sourcecode.swift; path = ViewController.swift; sourceTree = "<group>"; };
		48A611322521F411007C81F2 /* Base */ = {isa = PBXFileReference; lastKnownFileType = file.storyboard; name = Base; path = Base.lproj/Main.storyboard; sourceTree = "<group>"; };
		48A611342521F419007C81F2 /* Assets.xcassets */ = {isa = PBXFileReference; lastKnownFileType = folder.assetcatalog; path = Assets.xcassets; sourceTree = "<group>"; };
		48A611372521F419007C81F2 /* Base */ = {isa = PBXFileReference; lastKnownFileType = file.storyboard; name = Base; path = Base.lproj/LaunchScreen.storyboard; sourceTree = "<group>"; };
		48A611392521F419007C81F2 /* Info.plist */ = {isa = PBXFileReference; lastKnownFileType = text.plist.xml; path = Info.plist; sourceTree = "<group>"; };
		48A6113E2521F419007C81F2 /* Practice_9_1Tests.xctest */ = {isa = PBXFileReference; explicitFileType = wrapper.cfbundle; includeInIndex = 0; path = Practice_9_1Tests.xctest; sourceTree = BUILT_PRODUCTS_DIR; };
		48A611422521F419007C81F2 /* Practice_9_1Tests.swift */ = {isa = PBXFileReference; lastKnownFileType = sourcecode.swift; path = Practice_9_1Tests.swift; sourceTree = "<group>"; };
		48A611442521F419007C81F2 /* Info.plist */ = {isa = PBXFileReference; lastKnownFileType = text.plist.xml; path = Info.plist; sourceTree = "<group>"; };
		48A611492521F419007C81F2 /* Practice_9_1UITests.xctest */ = {isa = PBXFileReference; explicitFileType = wrapper.cfbundle; includeInIndex = 0; path = Practice_9_1UITests.xctest; sourceTree = BUILT_PRODUCTS_DIR; };
		48A6114D2521F419007C81F2 /* Practice_9_1UITests.swift */ = {isa = PBXFileReference; lastKnownFileType = sourcecode.swift; path = Practice_9_1UITests.swift; sourceTree = "<group>"; };
		48A6114F2521F419007C81F2 /* Info.plist */ = {isa = PBXFileReference; lastKnownFileType = text.plist.xml; path = Info.plist; sourceTree = "<group>"; };
/* End PBXFileReference section */

/* Begin PBXFrameworksBuildPhase section */
		48A611252521F411007C81F2 /* Frameworks */ = {
			isa = PBXFrameworksBuildPhase;
			buildActionMask = 2147483647;
			files = (
			);
			runOnlyForDeploymentPostprocessing = 0;
		};
		48A6113B2521F419007C81F2 /* Frameworks */ = {
			isa = PBXFrameworksBuildPhase;
			buildActionMask = 2147483647;
			files = (
			);
			runOnlyForDeploymentPostprocessing = 0;
		};
		48A611462521F419007C81F2 /* Frameworks */ = {
			isa = PBXFrameworksBuildPhase;
			buildActionMask = 2147483647;
			files = (
			);
			runOnlyForDeploymentPostprocessing = 0;
		};
/* End PBXFrameworksBuildPhase section */

/* Begin PBXGroup section */
		48A6111F2521F411007C81F2 = {
			isa = PBXGroup;
			children = (
				48A6112A2521F411007C81F2 /* Practice_9_1 */,
				48A611412521F419007C81F2 /* Practice_9_1Tests */,
				48A6114C2521F419007C81F2 /* Practice_9_1UITests */,
				48A611292521F411007C81F2 /* Products */,
			);
			sourceTree = "<group>";
		};
		48A611292521F411007C81F2 /* Products */ = {
			isa = PBXGroup;
			children = (
				48A611282521F411007C81F2 /* Practice_9_1.app */,
				48A6113E2521F419007C81F2 /* Practice_9_1Tests.xctest */,
				48A611492521F419007C81F2 /* Practice_9_1UITests.xctest */,
			);
			name = Products;
			sourceTree = "<group>";
		};
		48A6112A2521F411007C81F2 /* Practice_9_1 */ = {
			isa = PBXGroup;
			children = (
				48A6112B2521F411007C81F2 /* AppDelegate.swift */,
				48A6112D2521F411007C81F2 /* SceneDelegate.swift */,
				48A6112F2521F411007C81F2 /* ViewController.swift */,
				48A611312521F411007C81F2 /* Main.storyboard */,
				48A611342521F419007C81F2 /* Assets.xcassets */,
				48A611362521F419007C81F2 /* LaunchScreen.storyboard */,
				48A611392521F419007C81F2 /* Info.plist */,
			);
			path = Practice_9_1;
			sourceTree = "<group>";
		};
		48A611412521F419007C81F2 /* Practice_9_1Tests */ = {
			isa = PBXGroup;
			children = (
				48A611422521F419007C81F2 /* Practice_9_1Tests.swift */,
				48A611442521F419007C81F2 /* Info.plist */,
			);
			path = Practice_9_1Tests;
			sourceTree = "<group>";
		};
		48A6114C2521F419007C81F2 /* Practice_9_1UITests */ = {
			isa = PBXGroup;
			children = (
				48A6114D2521F419007C81F2 /* Practice_9_1UITests.swift */,
				48A6114F2521F419007C81F2 /* Info.plist */,
			);
			path = Practice_9_1UITests;
			sourceTree = "<group>";
		};
/* End PBXGroup section */

/* Begin PBXNativeTarget section */
		48A611272521F411007C81F2 /* Practice_9_1 */ = {
			isa = PBXNativeTarget;
			buildConfigurationList = 48A611522521F419007C81F2 /* Build configuration list for PBXNativeTarget "Practice_9_1" */;
			buildPhases = (
				48A611242521F411007C81F2 /* Sources */,
				48A611252521F411007C81F2 /* Frameworks */,
				48A611262521F411007C81F2 /* Resources */,
			);
			buildRules = (
			);
			dependencies = (
			);
			name = Practice_9_1;
			productName = Practice_9_1;
			productReference = 48A611282521F411007C81F2 /* Practice_9_1.app */;
			productType = "com.apple.product-type.application";
		};
		48A6113D2521F419007C81F2 /* Practice_9_1Tests */ = {
			isa = PBXNativeTarget;
			buildConfigurationList = 48A611552521F419007C81F2 /* Build configuration list for PBXNativeTarget "Practice_9_1Tests" */;
			buildPhases = (
				48A6113A2521F419007C81F2 /* Sources */,
				48A6113B2521F419007C81F2 /* Frameworks */,
				48A6113C2521F419007C81F2 /* Resources */,
			);
			buildRules = (
			);
			dependencies = (
				48A611402521F419007C81F2 /* PBXTargetDependency */,
			);
			name = Practice_9_1Tests;
			productName = Practice_9_1Tests;
			productReference = 48A6113E2521F419007C81F2 /* Practice_9_1Tests.xctest */;
			productType = "com.apple.product-type.bundle.unit-test";
		};
		48A611482521F419007C81F2 /* Practice_9_1UITests */ = {
			isa = PBXNativeTarget;
			buildConfigurationList = 48A611582521F419007C81F2 /* Build configuration list for PBXNativeTarget "Practice_9_1UITests" */;
			buildPhases = (
				48A611452521F419007C81F2 /* Sources */,
				48A611462521F419007C81F2 /* Frameworks */,
				48A611472521F419007C81F2 /* Resources */,
			);
			buildRules = (
			);
			dependencies = (
				48A6114B2521F419007C81F2 /* PBXTargetDependency */,
			);
			name = Practice_9_1UITests;
			productName = Practice_9_1UITests;
			productReference = 48A611492521F419007C81F2 /* Practice_9_1UITests.xctest */;
			productType = "com.apple.product-type.bundle.ui-testing";
		};
/* End PBXNativeTarget section */

/* Begin PBXProject section */
		48A611202521F411007C81F2 /* Project object */ = {
			isa = PBXProject;
			attributes = {
				LastSwiftUpdateCheck = 1150;
				LastUpgradeCheck = 1150;
				ORGANIZATIONNAME = "Алина Ненашева";
				TargetAttributes = {
					48A611272521F411007C81F2 = {
						CreatedOnToolsVersion = 11.5;
					};
					48A6113D2521F419007C81F2 = {
						CreatedOnToolsVersion = 11.5;
						TestTargetID = 48A611272521F411007C81F2;
					};
					48A611482521F419007C81F2 = {
						CreatedOnToolsVersion = 11.5;
						TestTargetID = 48A611272521F411007C81F2;
					};
				};
			};
			buildConfigurationList = 48A611232521F411007C81F2 /* Build configuration list for PBXProject "Practice_9_1" */;
			compatibilityVersion = "Xcode 9.3";
			developmentRegion = en;
			hasScannedForEncodings = 0;
			knownRegions = (
				en,
				Base,
			);
			mainGroup = 48A6111F2521F411007C81F2;
			productRefGroup = 48A611292521F411007C81F2 /* Products */;
			projectDirPath = "";
			projectRoot = "";
			targets = (
				48A611272521F411007C81F2 /* Practice_9_1 */,
				48A6113D2521F419007C81F2 /* Practice_9_1Tests */,
				48A611482521F419007C81F2 /* Practice_9_1UITests */,
			);
		};
/* End PBXProject section */

/* Begin PBXResourcesBuildPhase section */
		48A611262521F411007C81F2 /* Resources */ = {
			isa = PBXResourcesBuildPhase;
			buildActionMask = 2147483647;
			files = (
				48A611382521F419007C81F2 /* LaunchScreen.storyboard in Resources */,
				48A611352521F419007C81F2 /* Assets.xcassets in Resources */,
				48A611332521F411007C81F2 /* Main.storyboard in Resources */,
			);
			runOnlyForDeploymentPostprocessing = 0;
		};
		48A6113C2521F419007C81F2 /* Resources */ = {
			isa = PBXResourcesBuildPhase;
			buildActionMask = 2147483647;
			files = (
			);
			runOnlyForDeploymentPostprocessing = 0;
		};
		48A611472521F419007C81F2 /* Resources */ = {
			isa = PBXResourcesBuildPhase;
			buildActionMask = 2147483647;
			files = (
			);
			runOnlyForDeploymentPostprocessing = 0;
		};
/* End PBXResourcesBuildPhase section */

/* Begin PBXSourcesBuildPhase section */
		48A611242521F411007C81F2 /* Sources */ = {
			isa = PBXSourcesBuildPhase;
			buildActionMask = 2147483647;
			files = (
				48A611302521F411007C81F2 /* ViewController.swift in Sources */,
				48A6112C2521F411007C81F2 /* AppDelegate.swift in Sources */,
				48A6112E2521F411007C81F2 /* SceneDelegate.swift in Sources */,
			);
			runOnlyForDeploymentPostprocessing = 0;
		};
		48A6113A2521F419007C81F2 /* Sources */ = {
			isa = PBXSourcesBuildPhase;
			buildActionMask = 2147483647;
			files = (
				48A611432521F419007C81F2 /* Practice_9_1Tests.swift in Sources */,
			);
			runOnlyForDeploymentPostprocessing = 0;
		};
		48A611452521F419007C81F2 /* Sources */ = {
			isa = PBXSourcesBuildPhase;
			buildActionMask = 2147483647;
			files = (
				48A6114E2521F419007C81F2 /* Practice_9_1UITests.swift in Sources */,
			);
			runOnlyForDeploymentPostprocessing = 0;
		};
/* End PBXSourcesBuildPhase section */

/* Begin PBXTargetDependency section */
		48A611402521F419007C81F2 /* PBXTargetDependency */ = {
			isa = PBXTargetDependency;
			target = 48A611272521F411007C81F2 /* Practice_9_1 */;
			targetProxy = 48A6113F2521F419007C81F2 /* PBXContainerItemProxy */;
		};
		48A6114B2521F419007C81F2 /* PBXTargetDependency */ = {
			isa = PBXTargetDependency;
			target = 48A611272521F411007C81F2 /* Practice_9_1 */;
			targetProxy = 48A6114A2521F419007C81F2 /* PBXContainerItemProxy */;
		};
/* End PBXTargetDependency section */

/* Begin PBXVariantGroup section */
		48A611312521F411007C81F2 /* Main.storyboard */ = {
			isa = PBXVariantGroup;
			children = (
				48A611322521F411007C81F2 /* Base */,
			);
			name = Main.storyboard;
			sourceTree = "<group>";
		};
		48A611362521F419007C81F2 /* LaunchScreen.storyboard */ = {
			isa = PBXVariantGroup;
			children = (
				48A611372521F419007C81F2 /* Base */,
			);
			name = LaunchScreen.storyboard;
			sourceTree = "<group>";
		};
/* End PBXVariantGroup section */

/* Begin XCBuildConfiguration section */
		48A611502521F419007C81F2 /* Debug */ = {
			isa = XCBuildConfiguration;
			buildSettings = {
				ALWAYS_SEARCH_USER_PATHS = NO;
				CLANG_ANALYZER_NONNULL = YES;
				CLANG_ANALYZER_NUMBER_OBJECT_CONVERSION = YES_AGGRESSIVE;
				CLANG_CXX_LANGUAGE_STANDARD = "gnu++14";
				CLANG_CXX_LIBRARY = "libc++";
				CLANG_ENABLE_MODULES = YES;
				CLANG_ENABLE_OBJC_ARC = YES;
				CLANG_ENABLE_OBJC_WEAK = YES;
				CLANG_WARN_BLOCK_CAPTURE_AUTORELEASING = YES;
				CLANG_WARN_BOOL_CONVERSION = YES;
				CLANG_WARN_COMMA = YES;
				CLANG_WARN_CONSTANT_CONVERSION = YES;
				CLANG_WARN_DEPRECATED_OBJC_IMPLEMENTATIONS = YES;
				CLANG_WARN_DIRECT_OBJC_ISA_USAGE = YES_ERROR;
				CLANG_WARN_DOCUMENTATION_COMMENTS = YES;
				CLANG_WARN_EMPTY_BODY = YES;
				CLANG_WARN_ENUM_CONVERSION = YES;
				CLANG_WARN_INFINITE_RECURSION = YES;
				CLANG_WARN_INT_CONVERSION = YES;
				CLANG_WARN_NON_LITERAL_NULL_CONVERSION = YES;
				CLANG_WARN_OBJC_IMPLICIT_RETAIN_SELF = YES;
				CLANG_WARN_OBJC_LITERAL_CONVERSION = YES;
				CLANG_WARN_OBJC_ROOT_CLASS = YES_ERROR;
				CLANG_WARN_RANGE_LOOP_ANALYSIS = YES;
				CLANG_WARN_STRICT_PROTOTYPES = YES;
				CLANG_WARN_SUSPICIOUS_MOVE = YES;
				CLANG_WARN_UNGUARDED_AVAILABILITY = YES_AGGRESSIVE;
				CLANG_WARN_UNREACHABLE_CODE = YES;
				CLANG_WARN__DUPLICATE_METHOD_MATCH = YES;
				COPY_PHASE_STRIP = NO;
				DEBUG_INFORMATION_FORMAT = dwarf;
				ENABLE_STRICT_OBJC_MSGSEND = YES;
				ENABLE_TESTABILITY = YES;
				GCC_C_LANGUAGE_STANDARD = gnu11;
				GCC_DYNAMIC_NO_PIC = NO;
				GCC_NO_COMMON_BLOCKS = YES;
				GCC_OPTIMIZATION_LEVEL = 0;
				GCC_PREPROCESSOR_DEFINITIONS = (
					"DEBUG=1",
					"$(inherited)",
				);
				GCC_WARN_64_TO_32_BIT_CONVERSION = YES;
				GCC_WARN_ABOUT_RETURN_TYPE = YES_ERROR;
				GCC_WARN_UNDECLARED_SELECTOR = YES;
				GCC_WARN_UNINITIALIZED_AUTOS = YES_AGGRESSIVE;
				GCC_WARN_UNUSED_FUNCTION = YES;
				GCC_WARN_UNUSED_VARIABLE = YES;
				IPHONEOS_DEPLOYMENT_TARGET = 13.5;
				MTL_ENABLE_DEBUG_INFO = INCLUDE_SOURCE;
				MTL_FAST_MATH = YES;
				ONLY_ACTIVE_ARCH = YES;
				SDKROOT = iphoneos;
				SWIFT_ACTIVE_COMPILATION_CONDITIONS = DEBUG;
				SWIFT_OPTIMIZATION_LEVEL = "-Onone";
			};
			name = Debug;
		};
		48A611512521F419007C81F2 /* Release */ = {
			isa = XCBuildConfiguration;
			buildSettings = {
				ALWAYS_SEARCH_USER_PATHS = NO;
				CLANG_ANALYZER_NONNULL = YES;
				CLANG_ANALYZER_NUMBER_OBJECT_CONVERSION = YES_AGGRESSIVE;
				CLANG_CXX_LANGUAGE_STANDARD = "gnu++14";
				CLANG_CXX_LIBRARY = "libc++";
				CLANG_ENABLE_MODULES = YES;
				CLANG_ENABLE_OBJC_ARC = YES;
				CLANG_ENABLE_OBJC_WEAK = YES;
				CLANG_WARN_BLOCK_CAPTURE_AUTORELEASING = YES;
				CLANG_WARN_BOOL_CONVERSION = YES;
				CLANG_WARN_COMMA = YES;
				CLANG_WARN_CONSTANT_CONVERSION = YES;
				CLANG_WARN_DEPRECATED_OBJC_IMPLEMENTATIONS = YES;
				CLANG_WARN_DIRECT_OBJC_ISA_USAGE = YES_ERROR;
				CLANG_WARN_DOCUMENTATION_COMMENTS = YES;
				CLANG_WARN_EMPTY_BODY = YES;
				CLANG_WARN_ENUM_CONVERSION = YES;
				CLANG_WARN_INFINITE_RECURSION = YES;
				CLANG_WARN_INT_CONVERSION = YES;
				CLANG_WARN_NON_LITERAL_NULL_CONVERSION = YES;
				CLANG_WARN_OBJC_IMPLICIT_RETAIN_SELF = YES;
				CLANG_WARN_OBJC_LITERAL_CONVERSION = YES;
				CLANG_WARN_OBJC_ROOT_CLASS = YES_ERROR;
				CLANG_WARN_RANGE_LOOP_ANALYSIS = YES;
				CLANG_WARN_STRICT_PROTOTYPES = YES;
				CLANG_WARN_SUSPICIOUS_MOVE = YES;
				CLANG_WARN_UNGUARDED_AVAILABILITY = YES_AGGRESSIVE;
				CLANG_WARN_UNREACHABLE_CODE = YES;
				CLANG_WARN__DUPLICATE_METHOD_MATCH = YES;
				COPY_PHASE_STRIP = NO;
				DEBUG_INFORMATION_FORMAT = "dwarf-with-dsym";
				ENABLE_NS_ASSERTIONS = NO;
				ENABLE_STRICT_OBJC_MSGSEND = YES;
				GCC_C_LANGUAGE_STANDARD = gnu11;
				GCC_NO_COMMON_BLOCKS = YES;
				GCC_WARN_64_TO_32_BIT_CONVERSION = YES;
				GCC_WARN_ABOUT_RETURN_TYPE = YES_ERROR;
				GCC_WARN_UNDECLARED_SELECTOR = YES;
				GCC_WARN_UNINITIALIZED_AUTOS = YES_AGGRESSIVE;
				GCC_WARN_UNUSED_FUNCTION = YES;
				GCC_WARN_UNUSED_VARIABLE = YES;
				IPHONEOS_DEPLOYMENT_TARGET = 13.5;
				MTL_ENABLE_DEBUG_INFO = NO;
				MTL_FAST_MATH = YES;
				SDKROOT = iphoneos;
				SWIFT_COMPILATION_MODE = wholemodule;
				SWIFT_OPTIMIZATION_LEVEL = "-O";
				VALIDATE_PRODUCT = YES;
			};
			name = Release;
		};
		48A611532521F419007C81F2 /* Debug */ = {
			isa = XCBuildConfiguration;
			buildSettings = {
				ASSETCATALOG_COMPILER_APPICON_NAME = AppIcon;
				CODE_SIGN_STYLE = Automatic;
				DEVELOPMENT_TEAM = 765YYD7VHN;
				INFOPLIST_FILE = Practice_9_1/Info.plist;
				LD_RUNPATH_SEARCH_PATHS = (
					"$(inherited)",
					"@executable_path/Frameworks",
				);
				PRODUCT_BUNDLE_IDENTIFIER = "alina.Practice-9-1";
				PRODUCT_NAME = "$(TARGET_NAME)";
				SWIFT_VERSION = 5.0;
				TARGETED_DEVICE_FAMILY = "1,2";
			};
			name = Debug;
		};
		48A611542521F419007C81F2 /* Release */ = {
			isa = XCBuildConfiguration;
			buildSettings = {
				ASSETCATALOG_COMPILER_APPICON_NAME = AppIcon;
				CODE_SIGN_STYLE = Automatic;
				DEVELOPMENT_TEAM = 765YYD7VHN;
				INFOPLIST_FILE = Practice_9_1/Info.plist;
				LD_RUNPATH_SEARCH_PATHS = (
					"$(inherited)",
					"@executable_path/Frameworks",
				);
				PRODUCT_BUNDLE_IDENTIFIER = "alina.Practice-9-1";
				PRODUCT_NAME = "$(TARGET_NAME)";
				SWIFT_VERSION = 5.0;
				TARGETED_DEVICE_FAMILY = "1,2";
			};
			name = Release;
		};
		48A611562521F419007C81F2 /* Debug */ = {
			isa = XCBuildConfiguration;
			buildSettings = {
				ALWAYS_EMBED_SWIFT_STANDARD_LIBRARIES = YES;
				BUNDLE_LOADER = "$(TEST_HOST)";
				CODE_SIGN_STYLE = Automatic;
				INFOPLIST_FILE = Practice_9_1Tests/Info.plist;
				IPHONEOS_DEPLOYMENT_TARGET = 13.5;
				LD_RUNPATH_SEARCH_PATHS = (
					"$(inherited)",
					"@executable_path/Frameworks",
					"@loader_path/Frameworks",
				);
				PRODUCT_BUNDLE_IDENTIFIER = "alina.Practice-9-1Tests";
				PRODUCT_NAME = "$(TARGET_NAME)";
				SWIFT_VERSION = 5.0;
				TARGETED_DEVICE_FAMILY = "1,2";
				TEST_HOST = "$(BUILT_PRODUCTS_DIR)/Practice_9_1.app/Practice_9_1";
			};
			name = Debug;
		};
		48A611572521F419007C81F2 /* Release */ = {
			isa = XCBuildConfiguration;
			buildSettings = {
				ALWAYS_EMBED_SWIFT_STANDARD_LIBRARIES = YES;
				BUNDLE_LOADER = "$(TEST_HOST)";
				CODE_SIGN_STYLE = Automatic;
				INFOPLIST_FILE = Practice_9_1Tests/Info.plist;
				IPHONEOS_DEPLOYMENT_TARGET = 13.5;
				LD_RUNPATH_SEARCH_PATHS = (
					"$(inherited)",
					"@executable_path/Frameworks",
					"@loader_path/Frameworks",
				);
				PRODUCT_BUNDLE_IDENTIFIER = "alina.Practice-9-1Tests";
				PRODUCT_NAME = "$(TARGET_NAME)";
				SWIFT_VERSION = 5.0;
				TARGETED_DEVICE_FAMILY = "1,2";
				TEST_HOST = "$(BUILT_PRODUCTS_DIR)/Practice_9_1.app/Practice_9_1";
			};
			name = Release;
		};
		48A611592521F419007C81F2 /* Debug */ = {
			isa = XCBuildConfiguration;
			buildSettings = {
				ALWAYS_EMBED_SWIFT_STANDARD_LIBRARIES = YES;
				CODE_SIGN_STYLE = Automatic;
				INFOPLIST_FILE = Practice_9_1UITests/Info.plist;
				LD_RUNPATH_SEARCH_PATHS = (
					"$(inherited)",
					"@executable_path/Frameworks",
					"@loader_path/Frameworks",
				);
				PRODUCT_BUNDLE_IDENTIFIER = "alina.Practice-9-1UITests";
				PRODUCT_NAME = "$(TARGET_NAME)";
				SWIFT_VERSION = 5.0;
				TARGETED_DEVICE_FAMILY = "1,2";
				TEST_TARGET_NAME = Practice_9_1;
			};
			name = Debug;
		};
		48A6115A2521F419007C81F2 /* Release */ = {
			isa = XCBuildConfiguration;
			buildSettings = {
				ALWAYS_EMBED_SWIFT_STANDARD_LIBRARIES = YES;
				CODE_SIGN_STYLE = Automatic;
				INFOPLIST_FILE = Practice_9_1UITests/Info.plist;
				LD_RUNPATH_SEARCH_PATHS = (
					"$(inherited)",
					"@executable_path/Frameworks",
					"@loader_path/Frameworks",
				);
				PRODUCT_BUNDLE_IDENTIFIER = "alina.Practice-9-1UITests";
				PRODUCT_NAME = "$(TARGET_NAME)";
				SWIFT_VERSION = 5.0;
				TARGETED_DEVICE_FAMILY = "1,2";
				TEST_TARGET_NAME = Practice_9_1;
			};
			name = Release;
		};
/* End XCBuildConfiguration section */

/* Begin XCConfigurationList section */
		48A611232521F411007C81F2 /* Build configuration list for PBXProject "Practice_9_1" */ = {
			isa = XCConfigurationList;
			buildConfigurations = (
				48A611502521F419007C81F2 /* Debug */,
				48A611512521F419007C81F2 /* Release */,
			);
			defaultConfigurationIsVisible = 0;
			defaultConfigurationName = Release;
		};
		48A611522521F419007C81F2 /* Build configuration list for PBXNativeTarget "Practice_9_1" */ = {
			isa = XCConfigurationList;
			buildConfigurations = (
				48A611532521F419007C81F2 /* Debug */,
				48A611542521F419007C81F2 /* Release */,
			);
			defaultConfigurationIsVisible = 0;
			defaultConfigurationName = Release;
		};
		48A611552521F419007C81F2 /* Build configuration list for PBXNativeTarget "Practice_9_1Tests" */ = {
			isa = XCConfigurationList;
			buildConfigurations = (
				48A611562521F419007C81F2 /* Debug */,
				48A611572521F419007C81F2 /* Release */,
			);
			defaultConfigurationIsVisible = 0;
			defaultConfigurationName = Release;
		};
		48A611582521F419007C81F2 /* Build configuration list for PBXNativeTarget "Practice_9_1UITests" */ = {
			isa = XCConfigurationList;
			buildConfigurations = (
				48A611592521F419007C81F2 /* Debug */,
				48A6115A2521F419007C81F2 /* Release */,
			);
			defaultConfigurationIsVisible = 0;
			defaultConfigurationName = Release;
		};
/* End XCConfigurationList section */
	};
	rootObject = 48A611202521F411007C81F2 /* Project object */;
}
