// !$*UTF8*$!
{
	archiveVersion = 1;
	classes = {
	};
	objectVersion = 50;
	objects = {

/* Begin PBXBuildFile section */
		489505A22513CE370062D366 /* AppDelegate.swift in Sources */ = {isa = PBXBuildFile; fileRef = 489505A12513CE370062D366 /* AppDelegate.swift */; };
		489505A42513CE370062D366 /* SceneDelegate.swift in Sources */ = {isa = PBXBuildFile; fileRef = 489505A32513CE370062D366 /* SceneDelegate.swift */; };
		489505A62513CE370062D366 /* ViewController.swift in Sources */ = {isa = PBXBuildFile; fileRef = 489505A52513CE370062D366 /* ViewController.swift */; };
		489505A92513CE370062D366 /* Main.storyboard in Resources */ = {isa = PBXBuildFile; fileRef = 489505A72513CE370062D366 /* Main.storyboard */; };
		489505AB2513CE3A0062D366 /* Assets.xcassets in Resources */ = {isa = PBXBuildFile; fileRef = 489505AA2513CE3A0062D366 /* Assets.xcassets */; };
		489505AE2513CE3A0062D366 /* LaunchScreen.storyboard in Resources */ = {isa = PBXBuildFile; fileRef = 489505AC2513CE3A0062D366 /* LaunchScreen.storyboard */; };
		489505B92513CE3B0062D366 /* Practice_7Tests.swift in Sources */ = {isa = PBXBuildFile; fileRef = 489505B82513CE3B0062D366 /* Practice_7Tests.swift */; };
		489505C42513CE3B0062D366 /* Practice_7UITests.swift in Sources */ = {isa = PBXBuildFile; fileRef = 489505C32513CE3B0062D366 /* Practice_7UITests.swift */; };
/* End PBXBuildFile section */

/* Begin PBXContainerItemProxy section */
		489505B52513CE3B0062D366 /* PBXContainerItemProxy */ = {
			isa = PBXContainerItemProxy;
			containerPortal = 489505962513CE370062D366 /* Project object */;
			proxyType = 1;
			remoteGlobalIDString = 4895059D2513CE370062D366;
			remoteInfo = Practice_7;
		};
		489505C02513CE3B0062D366 /* PBXContainerItemProxy */ = {
			isa = PBXContainerItemProxy;
			containerPortal = 489505962513CE370062D366 /* Project object */;
			proxyType = 1;
			remoteGlobalIDString = 4895059D2513CE370062D366;
			remoteInfo = Practice_7;
		};
/* End PBXContainerItemProxy section */

/* Begin PBXFileReference section */
		4895059E2513CE370062D366 /* Practice_7.app */ = {isa = PBXFileReference; explicitFileType = wrapper.application; includeInIndex = 0; path = Practice_7.app; sourceTree = BUILT_PRODUCTS_DIR; };
		489505A12513CE370062D366 /* AppDelegate.swift */ = {isa = PBXFileReference; lastKnownFileType = sourcecode.swift; path = AppDelegate.swift; sourceTree = "<group>"; };
		489505A32513CE370062D366 /* SceneDelegate.swift */ = {isa = PBXFileReference; lastKnownFileType = sourcecode.swift; path = SceneDelegate.swift; sourceTree = "<group>"; };
		489505A52513CE370062D366 /* ViewController.swift */ = {isa = PBXFileReference; lastKnownFileType = sourcecode.swift; path = ViewController.swift; sourceTree = "<group>"; };
		489505A82513CE370062D366 /* Base */ = {isa = PBXFileReference; lastKnownFileType = file.storyboard; name = Base; path = Base.lproj/Main.storyboard; sourceTree = "<group>"; };
		489505AA2513CE3A0062D366 /* Assets.xcassets */ = {isa = PBXFileReference; lastKnownFileType = folder.assetcatalog; path = Assets.xcassets; sourceTree = "<group>"; };
		489505AD2513CE3A0062D366 /* Base */ = {isa = PBXFileReference; lastKnownFileType = file.storyboard; name = Base; path = Base.lproj/LaunchScreen.storyboard; sourceTree = "<group>"; };
		489505AF2513CE3A0062D366 /* Info.plist */ = {isa = PBXFileReference; lastKnownFileType = text.plist.xml; path = Info.plist; sourceTree = "<group>"; };
		489505B42513CE3B0062D366 /* Practice_7Tests.xctest */ = {isa = PBXFileReference; explicitFileType = wrapper.cfbundle; includeInIndex = 0; path = Practice_7Tests.xctest; sourceTree = BUILT_PRODUCTS_DIR; };
		489505B82513CE3B0062D366 /* Practice_7Tests.swift */ = {isa = PBXFileReference; lastKnownFileType = sourcecode.swift; path = Practice_7Tests.swift; sourceTree = "<group>"; };
		489505BA2513CE3B0062D366 /* Info.plist */ = {isa = PBXFileReference; lastKnownFileType = text.plist.xml; path = Info.plist; sourceTree = "<group>"; };
		489505BF2513CE3B0062D366 /* Practice_7UITests.xctest */ = {isa = PBXFileReference; explicitFileType = wrapper.cfbundle; includeInIndex = 0; path = Practice_7UITests.xctest; sourceTree = BUILT_PRODUCTS_DIR; };
		489505C32513CE3B0062D366 /* Practice_7UITests.swift */ = {isa = PBXFileReference; lastKnownFileType = sourcecode.swift; path = Practice_7UITests.swift; sourceTree = "<group>"; };
		489505C52513CE3B0062D366 /* Info.plist */ = {isa = PBXFileReference; lastKnownFileType = text.plist.xml; path = Info.plist; sourceTree = "<group>"; };
/* End PBXFileReference section */

/* Begin PBXFrameworksBuildPhase section */
		4895059B2513CE370062D366 /* Frameworks */ = {
			isa = PBXFrameworksBuildPhase;
			buildActionMask = 2147483647;
			files = (
			);
			runOnlyForDeploymentPostprocessing = 0;
		};
		489505B12513CE3B0062D366 /* Frameworks */ = {
			isa = PBXFrameworksBuildPhase;
			buildActionMask = 2147483647;
			files = (
			);
			runOnlyForDeploymentPostprocessing = 0;
		};
		489505BC2513CE3B0062D366 /* Frameworks */ = {
			isa = PBXFrameworksBuildPhase;
			buildActionMask = 2147483647;
			files = (
			);
			runOnlyForDeploymentPostprocessing = 0;
		};
/* End PBXFrameworksBuildPhase section */

/* Begin PBXGroup section */
		489505952513CE370062D366 = {
			isa = PBXGroup;
			children = (
				489505A02513CE370062D366 /* Practice_7 */,
				489505B72513CE3B0062D366 /* Practice_7Tests */,
				489505C22513CE3B0062D366 /* Practice_7UITests */,
				4895059F2513CE370062D366 /* Products */,
			);
			sourceTree = "<group>";
		};
		4895059F2513CE370062D366 /* Products */ = {
			isa = PBXGroup;
			children = (
				4895059E2513CE370062D366 /* Practice_7.app */,
				489505B42513CE3B0062D366 /* Practice_7Tests.xctest */,
				489505BF2513CE3B0062D366 /* Practice_7UITests.xctest */,
			);
			name = Products;
			sourceTree = "<group>";
		};
		489505A02513CE370062D366 /* Practice_7 */ = {
			isa = PBXGroup;
			children = (
				489505A12513CE370062D366 /* AppDelegate.swift */,
				489505A32513CE370062D366 /* SceneDelegate.swift */,
				489505A52513CE370062D366 /* ViewController.swift */,
				489505A72513CE370062D366 /* Main.storyboard */,
				489505AA2513CE3A0062D366 /* Assets.xcassets */,
				489505AC2513CE3A0062D366 /* LaunchScreen.storyboard */,
				489505AF2513CE3A0062D366 /* Info.plist */,
			);
			path = Practice_7;
			sourceTree = "<group>";
		};
		489505B72513CE3B0062D366 /* Practice_7Tests */ = {
			isa = PBXGroup;
			children = (
				489505B82513CE3B0062D366 /* Practice_7Tests.swift */,
				489505BA2513CE3B0062D366 /* Info.plist */,
			);
			path = Practice_7Tests;
			sourceTree = "<group>";
		};
		489505C22513CE3B0062D366 /* Practice_7UITests */ = {
			isa = PBXGroup;
			children = (
				489505C32513CE3B0062D366 /* Practice_7UITests.swift */,
				489505C52513CE3B0062D366 /* Info.plist */,
			);
			path = Practice_7UITests;
			sourceTree = "<group>";
		};
/* End PBXGroup section */

/* Begin PBXNativeTarget section */
		4895059D2513CE370062D366 /* Practice_7 */ = {
			isa = PBXNativeTarget;
			buildConfigurationList = 489505C82513CE3B0062D366 /* Build configuration list for PBXNativeTarget "Practice_7" */;
			buildPhases = (
				4895059A2513CE370062D366 /* Sources */,
				4895059B2513CE370062D366 /* Frameworks */,
				4895059C2513CE370062D366 /* Resources */,
			);
			buildRules = (
			);
			dependencies = (
			);
			name = Practice_7;
			productName = Practice_7;
			productReference = 4895059E2513CE370062D366 /* Practice_7.app */;
			productType = "com.apple.product-type.application";
		};
		489505B32513CE3B0062D366 /* Practice_7Tests */ = {
			isa = PBXNativeTarget;
			buildConfigurationList = 489505CB2513CE3B0062D366 /* Build configuration list for PBXNativeTarget "Practice_7Tests" */;
			buildPhases = (
				489505B02513CE3B0062D366 /* Sources */,
				489505B12513CE3B0062D366 /* Frameworks */,
				489505B22513CE3B0062D366 /* Resources */,
			);
			buildRules = (
			);
			dependencies = (
				489505B62513CE3B0062D366 /* PBXTargetDependency */,
			);
			name = Practice_7Tests;
			productName = Practice_7Tests;
			productReference = 489505B42513CE3B0062D366 /* Practice_7Tests.xctest */;
			productType = "com.apple.product-type.bundle.unit-test";
		};
		489505BE2513CE3B0062D366 /* Practice_7UITests */ = {
			isa = PBXNativeTarget;
			buildConfigurationList = 489505CE2513CE3B0062D366 /* Build configuration list for PBXNativeTarget "Practice_7UITests" */;
			buildPhases = (
				489505BB2513CE3B0062D366 /* Sources */,
				489505BC2513CE3B0062D366 /* Frameworks */,
				489505BD2513CE3B0062D366 /* Resources */,
			);
			buildRules = (
			);
			dependencies = (
				489505C12513CE3B0062D366 /* PBXTargetDependency */,
			);
			name = Practice_7UITests;
			productName = Practice_7UITests;
			productReference = 489505BF2513CE3B0062D366 /* Practice_7UITests.xctest */;
			productType = "com.apple.product-type.bundle.ui-testing";
		};
/* End PBXNativeTarget section */

/* Begin PBXProject section */
		489505962513CE370062D366 /* Project object */ = {
			isa = PBXProject;
			attributes = {
				LastSwiftUpdateCheck = 1150;
				LastUpgradeCheck = 1150;
				ORGANIZATIONNAME = "Алина Ненашева";
				TargetAttributes = {
					4895059D2513CE370062D366 = {
						CreatedOnToolsVersion = 11.5;
					};
					489505B32513CE3B0062D366 = {
						CreatedOnToolsVersion = 11.5;
						TestTargetID = 4895059D2513CE370062D366;
					};
					489505BE2513CE3B0062D366 = {
						CreatedOnToolsVersion = 11.5;
						TestTargetID = 4895059D2513CE370062D366;
					};
				};
			};
			buildConfigurationList = 489505992513CE370062D366 /* Build configuration list for PBXProject "Practice_7" */;
			compatibilityVersion = "Xcode 9.3";
			developmentRegion = en;
			hasScannedForEncodings = 0;
			knownRegions = (
				en,
				Base,
			);
			mainGroup = 489505952513CE370062D366;
			productRefGroup = 4895059F2513CE370062D366 /* Products */;
			projectDirPath = "";
			projectRoot = "";
			targets = (
				4895059D2513CE370062D366 /* Practice_7 */,
				489505B32513CE3B0062D366 /* Practice_7Tests */,
				489505BE2513CE3B0062D366 /* Practice_7UITests */,
			);
		};
/* End PBXProject section */

/* Begin PBXResourcesBuildPhase section */
		4895059C2513CE370062D366 /* Resources */ = {
			isa = PBXResourcesBuildPhase;
			buildActionMask = 2147483647;
			files = (
				489505AE2513CE3A0062D366 /* LaunchScreen.storyboard in Resources */,
				489505AB2513CE3A0062D366 /* Assets.xcassets in Resources */,
				489505A92513CE370062D366 /* Main.storyboard in Resources */,
			);
			runOnlyForDeploymentPostprocessing = 0;
		};
		489505B22513CE3B0062D366 /* Resources */ = {
			isa = PBXResourcesBuildPhase;
			buildActionMask = 2147483647;
			files = (
			);
			runOnlyForDeploymentPostprocessing = 0;
		};
		489505BD2513CE3B0062D366 /* Resources */ = {
			isa = PBXResourcesBuildPhase;
			buildActionMask = 2147483647;
			files = (
			);
			runOnlyForDeploymentPostprocessing = 0;
		};
/* End PBXResourcesBuildPhase section */

/* Begin PBXSourcesBuildPhase section */
		4895059A2513CE370062D366 /* Sources */ = {
			isa = PBXSourcesBuildPhase;
			buildActionMask = 2147483647;
			files = (
				489505A62513CE370062D366 /* ViewController.swift in Sources */,
				489505A22513CE370062D366 /* AppDelegate.swift in Sources */,
				489505A42513CE370062D366 /* SceneDelegate.swift in Sources */,
			);
			runOnlyForDeploymentPostprocessing = 0;
		};
		489505B02513CE3B0062D366 /* Sources */ = {
			isa = PBXSourcesBuildPhase;
			buildActionMask = 2147483647;
			files = (
				489505B92513CE3B0062D366 /* Practice_7Tests.swift in Sources */,
			);
			runOnlyForDeploymentPostprocessing = 0;
		};
		489505BB2513CE3B0062D366 /* Sources */ = {
			isa = PBXSourcesBuildPhase;
			buildActionMask = 2147483647;
			files = (
				489505C42513CE3B0062D366 /* Practice_7UITests.swift in Sources */,
			);
			runOnlyForDeploymentPostprocessing = 0;
		};
/* End PBXSourcesBuildPhase section */

/* Begin PBXTargetDependency section */
		489505B62513CE3B0062D366 /* PBXTargetDependency */ = {
			isa = PBXTargetDependency;
			target = 4895059D2513CE370062D366 /* Practice_7 */;
			targetProxy = 489505B52513CE3B0062D366 /* PBXContainerItemProxy */;
		};
		489505C12513CE3B0062D366 /* PBXTargetDependency */ = {
			isa = PBXTargetDependency;
			target = 4895059D2513CE370062D366 /* Practice_7 */;
			targetProxy = 489505C02513CE3B0062D366 /* PBXContainerItemProxy */;
		};
/* End PBXTargetDependency section */

/* Begin PBXVariantGroup section */
		489505A72513CE370062D366 /* Main.storyboard */ = {
			isa = PBXVariantGroup;
			children = (
				489505A82513CE370062D366 /* Base */,
			);
			name = Main.storyboard;
			sourceTree = "<group>";
		};
		489505AC2513CE3A0062D366 /* LaunchScreen.storyboard */ = {
			isa = PBXVariantGroup;
			children = (
				489505AD2513CE3A0062D366 /* Base */,
			);
			name = LaunchScreen.storyboard;
			sourceTree = "<group>";
		};
/* End PBXVariantGroup section */

/* Begin XCBuildConfiguration section */
		489505C62513CE3B0062D366 /* Debug */ = {
			isa = XCBuildConfiguration;
			buildSettings = {
				ALWAYS_SEARCH_USER_PATHS = NO;
				CLANG_ANALYZER_NONNULL = YES;
				CLANG_ANALYZER_NUMBER_OBJECT_CONVERSION = YES_AGGRESSIVE;
				CLANG_CXX_LANGUAGE_STANDARD = "gnu++14";
				CLANG_CXX_LIBRARY = "libc++";
				CLANG_ENABLE_MODULES = YES;
				CLANG_ENABLE_OBJC_ARC = YES;
				CLANG_ENABLE_OBJC_WEAK = YES;
				CLANG_WARN_BLOCK_CAPTURE_AUTORELEASING = YES;
				CLANG_WARN_BOOL_CONVERSION = YES;
				CLANG_WARN_COMMA = YES;
				CLANG_WARN_CONSTANT_CONVERSION = YES;
				CLANG_WARN_DEPRECATED_OBJC_IMPLEMENTATIONS = YES;
				CLANG_WARN_DIRECT_OBJC_ISA_USAGE = YES_ERROR;
				CLANG_WARN_DOCUMENTATION_COMMENTS = YES;
				CLANG_WARN_EMPTY_BODY = YES;
				CLANG_WARN_ENUM_CONVERSION = YES;
				CLANG_WARN_INFINITE_RECURSION = YES;
				CLANG_WARN_INT_CONVERSION = YES;
				CLANG_WARN_NON_LITERAL_NULL_CONVERSION = YES;
				CLANG_WARN_OBJC_IMPLICIT_RETAIN_SELF = YES;
				CLANG_WARN_OBJC_LITERAL_CONVERSION = YES;
				CLANG_WARN_OBJC_ROOT_CLASS = YES_ERROR;
				CLANG_WARN_RANGE_LOOP_ANALYSIS = YES;
				CLANG_WARN_STRICT_PROTOTYPES = YES;
				CLANG_WARN_SUSPICIOUS_MOVE = YES;
				CLANG_WARN_UNGUARDED_AVAILABILITY = YES_AGGRESSIVE;
				CLANG_WARN_UNREACHABLE_CODE = YES;
				CLANG_WARN__DUPLICATE_METHOD_MATCH = YES;
				COPY_PHASE_STRIP = NO;
				DEBUG_INFORMATION_FORMAT = dwarf;
				ENABLE_STRICT_OBJC_MSGSEND = YES;
				ENABLE_TESTABILITY = YES;
				GCC_C_LANGUAGE_STANDARD = gnu11;
				GCC_DYNAMIC_NO_PIC = NO;
				GCC_NO_COMMON_BLOCKS = YES;
				GCC_OPTIMIZATION_LEVEL = 0;
				GCC_PREPROCESSOR_DEFINITIONS = (
					"DEBUG=1",
					"$(inherited)",
				);
				GCC_WARN_64_TO_32_BIT_CONVERSION = YES;
				GCC_WARN_ABOUT_RETURN_TYPE = YES_ERROR;
				GCC_WARN_UNDECLARED_SELECTOR = YES;
				GCC_WARN_UNINITIALIZED_AUTOS = YES_AGGRESSIVE;
				GCC_WARN_UNUSED_FUNCTION = YES;
				GCC_WARN_UNUSED_VARIABLE = YES;
				IPHONEOS_DEPLOYMENT_TARGET = 13.5;
				MTL_ENABLE_DEBUG_INFO = INCLUDE_SOURCE;
				MTL_FAST_MATH = YES;
				ONLY_ACTIVE_ARCH = YES;
				SDKROOT = iphoneos;
				SWIFT_ACTIVE_COMPILATION_CONDITIONS = DEBUG;
				SWIFT_OPTIMIZATION_LEVEL = "-Onone";
			};
			name = Debug;
		};
		489505C72513CE3B0062D366 /* Release */ = {
			isa = XCBuildConfiguration;
			buildSettings = {
				ALWAYS_SEARCH_USER_PATHS = NO;
				CLANG_ANALYZER_NONNULL = YES;
				CLANG_ANALYZER_NUMBER_OBJECT_CONVERSION = YES_AGGRESSIVE;
				CLANG_CXX_LANGUAGE_STANDARD = "gnu++14";
				CLANG_CXX_LIBRARY = "libc++";
				CLANG_ENABLE_MODULES = YES;
				CLANG_ENABLE_OBJC_ARC = YES;
				CLANG_ENABLE_OBJC_WEAK = YES;
				CLANG_WARN_BLOCK_CAPTURE_AUTORELEASING = YES;
				CLANG_WARN_BOOL_CONVERSION = YES;
				CLANG_WARN_COMMA = YES;
				CLANG_WARN_CONSTANT_CONVERSION = YES;
				CLANG_WARN_DEPRECATED_OBJC_IMPLEMENTATIONS = YES;
				CLANG_WARN_DIRECT_OBJC_ISA_USAGE = YES_ERROR;
				CLANG_WARN_DOCUMENTATION_COMMENTS = YES;
				CLANG_WARN_EMPTY_BODY = YES;
				CLANG_WARN_ENUM_CONVERSION = YES;
				CLANG_WARN_INFINITE_RECURSION = YES;
				CLANG_WARN_INT_CONVERSION = YES;
				CLANG_WARN_NON_LITERAL_NULL_CONVERSION = YES;
				CLANG_WARN_OBJC_IMPLICIT_RETAIN_SELF = YES;
				CLANG_WARN_OBJC_LITERAL_CONVERSION = YES;
				CLANG_WARN_OBJC_ROOT_CLASS = YES_ERROR;
				CLANG_WARN_RANGE_LOOP_ANALYSIS = YES;
				CLANG_WARN_STRICT_PROTOTYPES = YES;
				CLANG_WARN_SUSPICIOUS_MOVE = YES;
				CLANG_WARN_UNGUARDED_AVAILABILITY = YES_AGGRESSIVE;
				CLANG_WARN_UNREACHABLE_CODE = YES;
				CLANG_WARN__DUPLICATE_METHOD_MATCH = YES;
				COPY_PHASE_STRIP = NO;
				DEBUG_INFORMATION_FORMAT = "dwarf-with-dsym";
				ENABLE_NS_ASSERTIONS = NO;
				ENABLE_STRICT_OBJC_MSGSEND = YES;
				GCC_C_LANGUAGE_STANDARD = gnu11;
				GCC_NO_COMMON_BLOCKS = YES;
				GCC_WARN_64_TO_32_BIT_CONVERSION = YES;
				GCC_WARN_ABOUT_RETURN_TYPE = YES_ERROR;
				GCC_WARN_UNDECLARED_SELECTOR = YES;
				GCC_WARN_UNINITIALIZED_AUTOS = YES_AGGRESSIVE;
				GCC_WARN_UNUSED_FUNCTION = YES;
				GCC_WARN_UNUSED_VARIABLE = YES;
				IPHONEOS_DEPLOYMENT_TARGET = 13.5;
				MTL_ENABLE_DEBUG_INFO = NO;
				MTL_FAST_MATH = YES;
				SDKROOT = iphoneos;
				SWIFT_COMPILATION_MODE = wholemodule;
				SWIFT_OPTIMIZATION_LEVEL = "-O";
				VALIDATE_PRODUCT = YES;
			};
			name = Release;
		};
		489505C92513CE3B0062D366 /* Debug */ = {
			isa = XCBuildConfiguration;
			buildSettings = {
				ASSETCATALOG_COMPILER_APPICON_NAME = AppIcon;
				CODE_SIGN_STYLE = Automatic;
				INFOPLIST_FILE = Practice_7/Info.plist;
				LD_RUNPATH_SEARCH_PATHS = (
					"$(inherited)",
					"@executable_path/Frameworks",
				);
				PRODUCT_BUNDLE_IDENTIFIER = "alina.Practice-7";
				PRODUCT_NAME = "$(TARGET_NAME)";
				SWIFT_VERSION = 5.0;
				TARGETED_DEVICE_FAMILY = "1,2";
			};
			name = Debug;
		};
		489505CA2513CE3B0062D366 /* Release */ = {
			isa = XCBuildConfiguration;
			buildSettings = {
				ASSETCATALOG_COMPILER_APPICON_NAME = AppIcon;
				CODE_SIGN_STYLE = Automatic;
				INFOPLIST_FILE = Practice_7/Info.plist;
				LD_RUNPATH_SEARCH_PATHS = (
					"$(inherited)",
					"@executable_path/Frameworks",
				);
				PRODUCT_BUNDLE_IDENTIFIER = "alina.Practice-7";
				PRODUCT_NAME = "$(TARGET_NAME)";
				SWIFT_VERSION = 5.0;
				TARGETED_DEVICE_FAMILY = "1,2";
			};
			name = Release;
		};
		489505CC2513CE3B0062D366 /* Debug */ = {
			isa = XCBuildConfiguration;
			buildSettings = {
				ALWAYS_EMBED_SWIFT_STANDARD_LIBRARIES = YES;
				BUNDLE_LOADER = "$(TEST_HOST)";
				CODE_SIGN_STYLE = Automatic;
				INFOPLIST_FILE = Practice_7Tests/Info.plist;
				IPHONEOS_DEPLOYMENT_TARGET = 13.5;
				LD_RUNPATH_SEARCH_PATHS = (
					"$(inherited)",
					"@executable_path/Frameworks",
					"@loader_path/Frameworks",
				);
				PRODUCT_BUNDLE_IDENTIFIER = "alina.Practice-7Tests";
				PRODUCT_NAME = "$(TARGET_NAME)";
				SWIFT_VERSION = 5.0;
				TARGETED_DEVICE_FAMILY = "1,2";
				TEST_HOST = "$(BUILT_PRODUCTS_DIR)/Practice_7.app/Practice_7";
			};
			name = Debug;
		};
		489505CD2513CE3B0062D366 /* Release */ = {
			isa = XCBuildConfiguration;
			buildSettings = {
				ALWAYS_EMBED_SWIFT_STANDARD_LIBRARIES = YES;
				BUNDLE_LOADER = "$(TEST_HOST)";
				CODE_SIGN_STYLE = Automatic;
				INFOPLIST_FILE = Practice_7Tests/Info.plist;
				IPHONEOS_DEPLOYMENT_TARGET = 13.5;
				LD_RUNPATH_SEARCH_PATHS = (
					"$(inherited)",
					"@executable_path/Frameworks",
					"@loader_path/Frameworks",
				);
				PRODUCT_BUNDLE_IDENTIFIER = "alina.Practice-7Tests";
				PRODUCT_NAME = "$(TARGET_NAME)";
				SWIFT_VERSION = 5.0;
				TARGETED_DEVICE_FAMILY = "1,2";
				TEST_HOST = "$(BUILT_PRODUCTS_DIR)/Practice_7.app/Practice_7";
			};
			name = Release;
		};
		489505CF2513CE3B0062D366 /* Debug */ = {
			isa = XCBuildConfiguration;
			buildSettings = {
				ALWAYS_EMBED_SWIFT_STANDARD_LIBRARIES = YES;
				CODE_SIGN_STYLE = Automatic;
				INFOPLIST_FILE = Practice_7UITests/Info.plist;
				LD_RUNPATH_SEARCH_PATHS = (
					"$(inherited)",
					"@executable_path/Frameworks",
					"@loader_path/Frameworks",
				);
				PRODUCT_BUNDLE_IDENTIFIER = "alina.Practice-7UITests";
				PRODUCT_NAME = "$(TARGET_NAME)";
				SWIFT_VERSION = 5.0;
				TARGETED_DEVICE_FAMILY = "1,2";
				TEST_TARGET_NAME = Practice_7;
			};
			name = Debug;
		};
		489505D02513CE3B0062D366 /* Release */ = {
			isa = XCBuildConfiguration;
			buildSettings = {
				ALWAYS_EMBED_SWIFT_STANDARD_LIBRARIES = YES;
				CODE_SIGN_STYLE = Automatic;
				INFOPLIST_FILE = Practice_7UITests/Info.plist;
				LD_RUNPATH_SEARCH_PATHS = (
					"$(inherited)",
					"@executable_path/Frameworks",
					"@loader_path/Frameworks",
				);
				PRODUCT_BUNDLE_IDENTIFIER = "alina.Practice-7UITests";
				PRODUCT_NAME = "$(TARGET_NAME)";
				SWIFT_VERSION = 5.0;
				TARGETED_DEVICE_FAMILY = "1,2";
				TEST_TARGET_NAME = Practice_7;
			};
			name = Release;
		};
/* End XCBuildConfiguration section */

/* Begin XCConfigurationList section */
		489505992513CE370062D366 /* Build configuration list for PBXProject "Practice_7" */ = {
			isa = XCConfigurationList;
			buildConfigurations = (
				489505C62513CE3B0062D366 /* Debug */,
				489505C72513CE3B0062D366 /* Release */,
			);
			defaultConfigurationIsVisible = 0;
			defaultConfigurationName = Release;
		};
		489505C82513CE3B0062D366 /* Build configuration list for PBXNativeTarget "Practice_7" */ = {
			isa = XCConfigurationList;
			buildConfigurations = (
				489505C92513CE3B0062D366 /* Debug */,
				489505CA2513CE3B0062D366 /* Release */,
			);
			defaultConfigurationIsVisible = 0;
			defaultConfigurationName = Release;
		};
		489505CB2513CE3B0062D366 /* Build configuration list for PBXNativeTarget "Practice_7Tests" */ = {
			isa = XCConfigurationList;
			buildConfigurations = (
				489505CC2513CE3B0062D366 /* Debug */,
				489505CD2513CE3B0062D366 /* Release */,
			);
			defaultConfigurationIsVisible = 0;
			defaultConfigurationName = Release;
		};
		489505CE2513CE3B0062D366 /* Build configuration list for PBXNativeTarget "Practice_7UITests" */ = {
			isa = XCConfigurationList;
			buildConfigurations = (
				489505CF2513CE3B0062D366 /* Debug */,
				489505D02513CE3B0062D366 /* Release */,
			);
			defaultConfigurationIsVisible = 0;
			defaultConfigurationName = Release;
		};
/* End XCConfigurationList section */
	};
	rootObject = 489505962513CE370062D366 /* Project object */;
}
