// !$*UTF8*$!
{
	archiveVersion = 1;
	classes = {
	};
	objectVersion = 50;
	objects = {

/* Begin PBXBuildFile section */
		4848145525195F0300CC422A /* AppDelegate.swift in Sources */ = {isa = PBXBuildFile; fileRef = 4848145425195F0300CC422A /* AppDelegate.swift */; };
		4848145725195F0300CC422A /* SceneDelegate.swift in Sources */ = {isa = PBXBuildFile; fileRef = 4848145625195F0300CC422A /* SceneDelegate.swift */; };
		4848145925195F0300CC422A /* ViewController.swift in Sources */ = {isa = PBXBuildFile; fileRef = 4848145825195F0300CC422A /* ViewController.swift */; };
		4848145C25195F0300CC422A /* Main.storyboard in Resources */ = {isa = PBXBuildFile; fileRef = 4848145A25195F0300CC422A /* Main.storyboard */; };
		4848145E25195F0500CC422A /* Assets.xcassets in Resources */ = {isa = PBXBuildFile; fileRef = 4848145D25195F0500CC422A /* Assets.xcassets */; };
		4848146125195F0500CC422A /* LaunchScreen.storyboard in Resources */ = {isa = PBXBuildFile; fileRef = 4848145F25195F0500CC422A /* LaunchScreen.storyboard */; };
		4848146C25195F0500CC422A /* Car_Race_GameTests.swift in Sources */ = {isa = PBXBuildFile; fileRef = 4848146B25195F0500CC422A /* Car_Race_GameTests.swift */; };
		4848147725195F0500CC422A /* Car_Race_GameUITests.swift in Sources */ = {isa = PBXBuildFile; fileRef = 4848147625195F0500CC422A /* Car_Race_GameUITests.swift */; };
		48481485251960A200CC422A /* RecordsViewController.swift in Sources */ = {isa = PBXBuildFile; fileRef = 48481484251960A200CC422A /* RecordsViewController.swift */; };
		48481487251960AA00CC422A /* SettingsViewController.swift in Sources */ = {isa = PBXBuildFile; fileRef = 48481486251960AA00CC422A /* SettingsViewController.swift */; };
		48481489251960B100CC422A /* GameViewController.swift in Sources */ = {isa = PBXBuildFile; fileRef = 48481488251960B100CC422A /* GameViewController.swift */; };
/* End PBXBuildFile section */

/* Begin PBXContainerItemProxy section */
		4848146825195F0500CC422A /* PBXContainerItemProxy */ = {
			isa = PBXContainerItemProxy;
			containerPortal = 4848144925195F0200CC422A /* Project object */;
			proxyType = 1;
			remoteGlobalIDString = 4848145025195F0300CC422A;
			remoteInfo = "Car Race Game";
		};
		4848147325195F0500CC422A /* PBXContainerItemProxy */ = {
			isa = PBXContainerItemProxy;
			containerPortal = 4848144925195F0200CC422A /* Project object */;
			proxyType = 1;
			remoteGlobalIDString = 4848145025195F0300CC422A;
			remoteInfo = "Car Race Game";
		};
/* End PBXContainerItemProxy section */

/* Begin PBXFileReference section */
		4848145125195F0300CC422A /* Car Race Game.app */ = {isa = PBXFileReference; explicitFileType = wrapper.application; includeInIndex = 0; path = "Car Race Game.app"; sourceTree = BUILT_PRODUCTS_DIR; };
		4848145425195F0300CC422A /* AppDelegate.swift */ = {isa = PBXFileReference; lastKnownFileType = sourcecode.swift; path = AppDelegate.swift; sourceTree = "<group>"; };
		4848145625195F0300CC422A /* SceneDelegate.swift */ = {isa = PBXFileReference; lastKnownFileType = sourcecode.swift; path = SceneDelegate.swift; sourceTree = "<group>"; };
		4848145825195F0300CC422A /* ViewController.swift */ = {isa = PBXFileReference; lastKnownFileType = sourcecode.swift; path = ViewController.swift; sourceTree = "<group>"; };
		4848145B25195F0300CC422A /* Base */ = {isa = PBXFileReference; lastKnownFileType = file.storyboard; name = Base; path = Base.lproj/Main.storyboard; sourceTree = "<group>"; };
		4848145D25195F0500CC422A /* Assets.xcassets */ = {isa = PBXFileReference; lastKnownFileType = folder.assetcatalog; path = Assets.xcassets; sourceTree = "<group>"; };
		4848146025195F0500CC422A /* Base */ = {isa = PBXFileReference; lastKnownFileType = file.storyboard; name = Base; path = Base.lproj/LaunchScreen.storyboard; sourceTree = "<group>"; };
		4848146225195F0500CC422A /* Info.plist */ = {isa = PBXFileReference; lastKnownFileType = text.plist.xml; path = Info.plist; sourceTree = "<group>"; };
		4848146725195F0500CC422A /* Car Race GameTests.xctest */ = {isa = PBXFileReference; explicitFileType = wrapper.cfbundle; includeInIndex = 0; path = "Car Race GameTests.xctest"; sourceTree = BUILT_PRODUCTS_DIR; };
		4848146B25195F0500CC422A /* Car_Race_GameTests.swift */ = {isa = PBXFileReference; lastKnownFileType = sourcecode.swift; path = Car_Race_GameTests.swift; sourceTree = "<group>"; };
		4848146D25195F0500CC422A /* Info.plist */ = {isa = PBXFileReference; lastKnownFileType = text.plist.xml; path = Info.plist; sourceTree = "<group>"; };
		4848147225195F0500CC422A /* Car Race GameUITests.xctest */ = {isa = PBXFileReference; explicitFileType = wrapper.cfbundle; includeInIndex = 0; path = "Car Race GameUITests.xctest"; sourceTree = BUILT_PRODUCTS_DIR; };
		4848147625195F0500CC422A /* Car_Race_GameUITests.swift */ = {isa = PBXFileReference; lastKnownFileType = sourcecode.swift; path = Car_Race_GameUITests.swift; sourceTree = "<group>"; };
		4848147825195F0500CC422A /* Info.plist */ = {isa = PBXFileReference; lastKnownFileType = text.plist.xml; path = Info.plist; sourceTree = "<group>"; };
		48481484251960A200CC422A /* RecordsViewController.swift */ = {isa = PBXFileReference; lastKnownFileType = sourcecode.swift; path = RecordsViewController.swift; sourceTree = "<group>"; };
		48481486251960AA00CC422A /* SettingsViewController.swift */ = {isa = PBXFileReference; lastKnownFileType = sourcecode.swift; path = SettingsViewController.swift; sourceTree = "<group>"; };
		48481488251960B100CC422A /* GameViewController.swift */ = {isa = PBXFileReference; lastKnownFileType = sourcecode.swift; path = GameViewController.swift; sourceTree = "<group>"; };
/* End PBXFileReference section */

/* Begin PBXFrameworksBuildPhase section */
		4848144E25195F0300CC422A /* Frameworks */ = {
			isa = PBXFrameworksBuildPhase;
			buildActionMask = 2147483647;
			files = (
			);
			runOnlyForDeploymentPostprocessing = 0;
		};
		4848146425195F0500CC422A /* Frameworks */ = {
			isa = PBXFrameworksBuildPhase;
			buildActionMask = 2147483647;
			files = (
			);
			runOnlyForDeploymentPostprocessing = 0;
		};
		4848146F25195F0500CC422A /* Frameworks */ = {
			isa = PBXFrameworksBuildPhase;
			buildActionMask = 2147483647;
			files = (
			);
			runOnlyForDeploymentPostprocessing = 0;
		};
/* End PBXFrameworksBuildPhase section */

/* Begin PBXGroup section */
		4848144825195F0200CC422A = {
			isa = PBXGroup;
			children = (
				4848145325195F0300CC422A /* Car Race Game */,
				4848146A25195F0500CC422A /* Car Race GameTests */,
				4848147525195F0500CC422A /* Car Race GameUITests */,
				4848145225195F0300CC422A /* Products */,
			);
			sourceTree = "<group>";
		};
		4848145225195F0300CC422A /* Products */ = {
			isa = PBXGroup;
			children = (
				4848145125195F0300CC422A /* Car Race Game.app */,
				4848146725195F0500CC422A /* Car Race GameTests.xctest */,
				4848147225195F0500CC422A /* Car Race GameUITests.xctest */,
			);
			name = Products;
			sourceTree = "<group>";
		};
		4848145325195F0300CC422A /* Car Race Game */ = {
			isa = PBXGroup;
			children = (
				4848145425195F0300CC422A /* AppDelegate.swift */,
				4848145625195F0300CC422A /* SceneDelegate.swift */,
				4848145825195F0300CC422A /* ViewController.swift */,
				4848145A25195F0300CC422A /* Main.storyboard */,
				48481484251960A200CC422A /* RecordsViewController.swift */,
				48481486251960AA00CC422A /* SettingsViewController.swift */,
				48481488251960B100CC422A /* GameViewController.swift */,
				4848145D25195F0500CC422A /* Assets.xcassets */,
				4848145F25195F0500CC422A /* LaunchScreen.storyboard */,
				4848146225195F0500CC422A /* Info.plist */,
			);
			path = "Car Race Game";
			sourceTree = "<group>";
		};
		4848146A25195F0500CC422A /* Car Race GameTests */ = {
			isa = PBXGroup;
			children = (
				4848146B25195F0500CC422A /* Car_Race_GameTests.swift */,
				4848146D25195F0500CC422A /* Info.plist */,
			);
			path = "Car Race GameTests";
			sourceTree = "<group>";
		};
		4848147525195F0500CC422A /* Car Race GameUITests */ = {
			isa = PBXGroup;
			children = (
				4848147625195F0500CC422A /* Car_Race_GameUITests.swift */,
				4848147825195F0500CC422A /* Info.plist */,
			);
			path = "Car Race GameUITests";
			sourceTree = "<group>";
		};
/* End PBXGroup section */

/* Begin PBXNativeTarget section */
		4848145025195F0300CC422A /* Car Race Game */ = {
			isa = PBXNativeTarget;
			buildConfigurationList = 4848147B25195F0500CC422A /* Build configuration list for PBXNativeTarget "Car Race Game" */;
			buildPhases = (
				4848144D25195F0300CC422A /* Sources */,
				4848144E25195F0300CC422A /* Frameworks */,
				4848144F25195F0300CC422A /* Resources */,
			);
			buildRules = (
			);
			dependencies = (
			);
			name = "Car Race Game";
			productName = "Car Race Game";
			productReference = 4848145125195F0300CC422A /* Car Race Game.app */;
			productType = "com.apple.product-type.application";
		};
		4848146625195F0500CC422A /* Car Race GameTests */ = {
			isa = PBXNativeTarget;
			buildConfigurationList = 4848147E25195F0500CC422A /* Build configuration list for PBXNativeTarget "Car Race GameTests" */;
			buildPhases = (
				4848146325195F0500CC422A /* Sources */,
				4848146425195F0500CC422A /* Frameworks */,
				4848146525195F0500CC422A /* Resources */,
			);
			buildRules = (
			);
			dependencies = (
				4848146925195F0500CC422A /* PBXTargetDependency */,
			);
			name = "Car Race GameTests";
			productName = "Car Race GameTests";
			productReference = 4848146725195F0500CC422A /* Car Race GameTests.xctest */;
			productType = "com.apple.product-type.bundle.unit-test";
		};
		4848147125195F0500CC422A /* Car Race GameUITests */ = {
			isa = PBXNativeTarget;
			buildConfigurationList = 4848148125195F0500CC422A /* Build configuration list for PBXNativeTarget "Car Race GameUITests" */;
			buildPhases = (
				4848146E25195F0500CC422A /* Sources */,
				4848146F25195F0500CC422A /* Frameworks */,
				4848147025195F0500CC422A /* Resources */,
			);
			buildRules = (
			);
			dependencies = (
				4848147425195F0500CC422A /* PBXTargetDependency */,
			);
			name = "Car Race GameUITests";
			productName = "Car Race GameUITests";
			productReference = 4848147225195F0500CC422A /* Car Race GameUITests.xctest */;
			productType = "com.apple.product-type.bundle.ui-testing";
		};
/* End PBXNativeTarget section */

/* Begin PBXProject section */
		4848144925195F0200CC422A /* Project object */ = {
			isa = PBXProject;
			attributes = {
				LastSwiftUpdateCheck = 1150;
				LastUpgradeCheck = 1150;
				ORGANIZATIONNAME = "Алина Ненашева";
				TargetAttributes = {
					4848145025195F0300CC422A = {
						CreatedOnToolsVersion = 11.5;
					};
					4848146625195F0500CC422A = {
						CreatedOnToolsVersion = 11.5;
						TestTargetID = 4848145025195F0300CC422A;
					};
					4848147125195F0500CC422A = {
						CreatedOnToolsVersion = 11.5;
						TestTargetID = 4848145025195F0300CC422A;
					};
				};
			};
			buildConfigurationList = 4848144C25195F0200CC422A /* Build configuration list for PBXProject "Car Race Game" */;
			compatibilityVersion = "Xcode 9.3";
			developmentRegion = en;
			hasScannedForEncodings = 0;
			knownRegions = (
				en,
				Base,
			);
			mainGroup = 4848144825195F0200CC422A;
			productRefGroup = 4848145225195F0300CC422A /* Products */;
			projectDirPath = "";
			projectRoot = "";
			targets = (
				4848145025195F0300CC422A /* Car Race Game */,
				4848146625195F0500CC422A /* Car Race GameTests */,
				4848147125195F0500CC422A /* Car Race GameUITests */,
			);
		};
/* End PBXProject section */

/* Begin PBXResourcesBuildPhase section */
		4848144F25195F0300CC422A /* Resources */ = {
			isa = PBXResourcesBuildPhase;
			buildActionMask = 2147483647;
			files = (
				4848146125195F0500CC422A /* LaunchScreen.storyboard in Resources */,
				4848145E25195F0500CC422A /* Assets.xcassets in Resources */,
				4848145C25195F0300CC422A /* Main.storyboard in Resources */,
			);
			runOnlyForDeploymentPostprocessing = 0;
		};
		4848146525195F0500CC422A /* Resources */ = {
			isa = PBXResourcesBuildPhase;
			buildActionMask = 2147483647;
			files = (
			);
			runOnlyForDeploymentPostprocessing = 0;
		};
		4848147025195F0500CC422A /* Resources */ = {
			isa = PBXResourcesBuildPhase;
			buildActionMask = 2147483647;
			files = (
			);
			runOnlyForDeploymentPostprocessing = 0;
		};
/* End PBXResourcesBuildPhase section */

/* Begin PBXSourcesBuildPhase section */
		4848144D25195F0300CC422A /* Sources */ = {
			isa = PBXSourcesBuildPhase;
			buildActionMask = 2147483647;
			files = (
				4848145925195F0300CC422A /* ViewController.swift in Sources */,
				4848145525195F0300CC422A /* AppDelegate.swift in Sources */,
				4848145725195F0300CC422A /* SceneDelegate.swift in Sources */,
				48481487251960AA00CC422A /* SettingsViewController.swift in Sources */,
				48481489251960B100CC422A /* GameViewController.swift in Sources */,
				48481485251960A200CC422A /* RecordsViewController.swift in Sources */,
			);
			runOnlyForDeploymentPostprocessing = 0;
		};
		4848146325195F0500CC422A /* Sources */ = {
			isa = PBXSourcesBuildPhase;
			buildActionMask = 2147483647;
			files = (
				4848146C25195F0500CC422A /* Car_Race_GameTests.swift in Sources */,
			);
			runOnlyForDeploymentPostprocessing = 0;
		};
		4848146E25195F0500CC422A /* Sources */ = {
			isa = PBXSourcesBuildPhase;
			buildActionMask = 2147483647;
			files = (
				4848147725195F0500CC422A /* Car_Race_GameUITests.swift in Sources */,
			);
			runOnlyForDeploymentPostprocessing = 0;
		};
/* End PBXSourcesBuildPhase section */

/* Begin PBXTargetDependency section */
		4848146925195F0500CC422A /* PBXTargetDependency */ = {
			isa = PBXTargetDependency;
			target = 4848145025195F0300CC422A /* Car Race Game */;
			targetProxy = 4848146825195F0500CC422A /* PBXContainerItemProxy */;
		};
		4848147425195F0500CC422A /* PBXTargetDependency */ = {
			isa = PBXTargetDependency;
			target = 4848145025195F0300CC422A /* Car Race Game */;
			targetProxy = 4848147325195F0500CC422A /* PBXContainerItemProxy */;
		};
/* End PBXTargetDependency section */

/* Begin PBXVariantGroup section */
		4848145A25195F0300CC422A /* Main.storyboard */ = {
			isa = PBXVariantGroup;
			children = (
				4848145B25195F0300CC422A /* Base */,
			);
			name = Main.storyboard;
			sourceTree = "<group>";
		};
		4848145F25195F0500CC422A /* LaunchScreen.storyboard */ = {
			isa = PBXVariantGroup;
			children = (
				4848146025195F0500CC422A /* Base */,
			);
			name = LaunchScreen.storyboard;
			sourceTree = "<group>";
		};
/* End PBXVariantGroup section */

/* Begin XCBuildConfiguration section */
		4848147925195F0500CC422A /* Debug */ = {
			isa = XCBuildConfiguration;
			buildSettings = {
				ALWAYS_SEARCH_USER_PATHS = NO;
				CLANG_ANALYZER_NONNULL = YES;
				CLANG_ANALYZER_NUMBER_OBJECT_CONVERSION = YES_AGGRESSIVE;
				CLANG_CXX_LANGUAGE_STANDARD = "gnu++14";
				CLANG_CXX_LIBRARY = "libc++";
				CLANG_ENABLE_MODULES = YES;
				CLANG_ENABLE_OBJC_ARC = YES;
				CLANG_ENABLE_OBJC_WEAK = YES;
				CLANG_WARN_BLOCK_CAPTURE_AUTORELEASING = YES;
				CLANG_WARN_BOOL_CONVERSION = YES;
				CLANG_WARN_COMMA = YES;
				CLANG_WARN_CONSTANT_CONVERSION = YES;
				CLANG_WARN_DEPRECATED_OBJC_IMPLEMENTATIONS = YES;
				CLANG_WARN_DIRECT_OBJC_ISA_USAGE = YES_ERROR;
				CLANG_WARN_DOCUMENTATION_COMMENTS = YES;
				CLANG_WARN_EMPTY_BODY = YES;
				CLANG_WARN_ENUM_CONVERSION = YES;
				CLANG_WARN_INFINITE_RECURSION = YES;
				CLANG_WARN_INT_CONVERSION = YES;
				CLANG_WARN_NON_LITERAL_NULL_CONVERSION = YES;
				CLANG_WARN_OBJC_IMPLICIT_RETAIN_SELF = YES;
				CLANG_WARN_OBJC_LITERAL_CONVERSION = YES;
				CLANG_WARN_OBJC_ROOT_CLASS = YES_ERROR;
				CLANG_WARN_RANGE_LOOP_ANALYSIS = YES;
				CLANG_WARN_STRICT_PROTOTYPES = YES;
				CLANG_WARN_SUSPICIOUS_MOVE = YES;
				CLANG_WARN_UNGUARDED_AVAILABILITY = YES_AGGRESSIVE;
				CLANG_WARN_UNREACHABLE_CODE = YES;
				CLANG_WARN__DUPLICATE_METHOD_MATCH = YES;
				COPY_PHASE_STRIP = NO;
				DEBUG_INFORMATION_FORMAT = dwarf;
				ENABLE_STRICT_OBJC_MSGSEND = YES;
				ENABLE_TESTABILITY = YES;
				GCC_C_LANGUAGE_STANDARD = gnu11;
				GCC_DYNAMIC_NO_PIC = NO;
				GCC_NO_COMMON_BLOCKS = YES;
				GCC_OPTIMIZATION_LEVEL = 0;
				GCC_PREPROCESSOR_DEFINITIONS = (
					"DEBUG=1",
					"$(inherited)",
				);
				GCC_WARN_64_TO_32_BIT_CONVERSION = YES;
				GCC_WARN_ABOUT_RETURN_TYPE = YES_ERROR;
				GCC_WARN_UNDECLARED_SELECTOR = YES;
				GCC_WARN_UNINITIALIZED_AUTOS = YES_AGGRESSIVE;
				GCC_WARN_UNUSED_FUNCTION = YES;
				GCC_WARN_UNUSED_VARIABLE = YES;
				IPHONEOS_DEPLOYMENT_TARGET = 13.5;
				MTL_ENABLE_DEBUG_INFO = INCLUDE_SOURCE;
				MTL_FAST_MATH = YES;
				ONLY_ACTIVE_ARCH = YES;
				SDKROOT = iphoneos;
				SWIFT_ACTIVE_COMPILATION_CONDITIONS = DEBUG;
				SWIFT_OPTIMIZATION_LEVEL = "-Onone";
			};
			name = Debug;
		};
		4848147A25195F0500CC422A /* Release */ = {
			isa = XCBuildConfiguration;
			buildSettings = {
				ALWAYS_SEARCH_USER_PATHS = NO;
				CLANG_ANALYZER_NONNULL = YES;
				CLANG_ANALYZER_NUMBER_OBJECT_CONVERSION = YES_AGGRESSIVE;
				CLANG_CXX_LANGUAGE_STANDARD = "gnu++14";
				CLANG_CXX_LIBRARY = "libc++";
				CLANG_ENABLE_MODULES = YES;
				CLANG_ENABLE_OBJC_ARC = YES;
				CLANG_ENABLE_OBJC_WEAK = YES;
				CLANG_WARN_BLOCK_CAPTURE_AUTORELEASING = YES;
				CLANG_WARN_BOOL_CONVERSION = YES;
				CLANG_WARN_COMMA = YES;
				CLANG_WARN_CONSTANT_CONVERSION = YES;
				CLANG_WARN_DEPRECATED_OBJC_IMPLEMENTATIONS = YES;
				CLANG_WARN_DIRECT_OBJC_ISA_USAGE = YES_ERROR;
				CLANG_WARN_DOCUMENTATION_COMMENTS = YES;
				CLANG_WARN_EMPTY_BODY = YES;
				CLANG_WARN_ENUM_CONVERSION = YES;
				CLANG_WARN_INFINITE_RECURSION = YES;
				CLANG_WARN_INT_CONVERSION = YES;
				CLANG_WARN_NON_LITERAL_NULL_CONVERSION = YES;
				CLANG_WARN_OBJC_IMPLICIT_RETAIN_SELF = YES;
				CLANG_WARN_OBJC_LITERAL_CONVERSION = YES;
				CLANG_WARN_OBJC_ROOT_CLASS = YES_ERROR;
				CLANG_WARN_RANGE_LOOP_ANALYSIS = YES;
				CLANG_WARN_STRICT_PROTOTYPES = YES;
				CLANG_WARN_SUSPICIOUS_MOVE = YES;
				CLANG_WARN_UNGUARDED_AVAILABILITY = YES_AGGRESSIVE;
				CLANG_WARN_UNREACHABLE_CODE = YES;
				CLANG_WARN__DUPLICATE_METHOD_MATCH = YES;
				COPY_PHASE_STRIP = NO;
				DEBUG_INFORMATION_FORMAT = "dwarf-with-dsym";
				ENABLE_NS_ASSERTIONS = NO;
				ENABLE_STRICT_OBJC_MSGSEND = YES;
				GCC_C_LANGUAGE_STANDARD = gnu11;
				GCC_NO_COMMON_BLOCKS = YES;
				GCC_WARN_64_TO_32_BIT_CONVERSION = YES;
				GCC_WARN_ABOUT_RETURN_TYPE = YES_ERROR;
				GCC_WARN_UNDECLARED_SELECTOR = YES;
				GCC_WARN_UNINITIALIZED_AUTOS = YES_AGGRESSIVE;
				GCC_WARN_UNUSED_FUNCTION = YES;
				GCC_WARN_UNUSED_VARIABLE = YES;
				IPHONEOS_DEPLOYMENT_TARGET = 13.5;
				MTL_ENABLE_DEBUG_INFO = NO;
				MTL_FAST_MATH = YES;
				SDKROOT = iphoneos;
				SWIFT_COMPILATION_MODE = wholemodule;
				SWIFT_OPTIMIZATION_LEVEL = "-O";
				VALIDATE_PRODUCT = YES;
			};
			name = Release;
		};
		4848147C25195F0500CC422A /* Debug */ = {
			isa = XCBuildConfiguration;
			buildSettings = {
				ASSETCATALOG_COMPILER_APPICON_NAME = AppIcon;
				CODE_SIGN_STYLE = Automatic;
				INFOPLIST_FILE = "Car Race Game/Info.plist";
				LD_RUNPATH_SEARCH_PATHS = (
					"$(inherited)",
					"@executable_path/Frameworks",
				);
				PRODUCT_BUNDLE_IDENTIFIER = "alina.Car-Race-Game";
				PRODUCT_NAME = "$(TARGET_NAME)";
				SWIFT_VERSION = 5.0;
				TARGETED_DEVICE_FAMILY = "1,2";
			};
			name = Debug;
		};
		4848147D25195F0500CC422A /* Release */ = {
			isa = XCBuildConfiguration;
			buildSettings = {
				ASSETCATALOG_COMPILER_APPICON_NAME = AppIcon;
				CODE_SIGN_STYLE = Automatic;
				INFOPLIST_FILE = "Car Race Game/Info.plist";
				LD_RUNPATH_SEARCH_PATHS = (
					"$(inherited)",
					"@executable_path/Frameworks",
				);
				PRODUCT_BUNDLE_IDENTIFIER = "alina.Car-Race-Game";
				PRODUCT_NAME = "$(TARGET_NAME)";
				SWIFT_VERSION = 5.0;
				TARGETED_DEVICE_FAMILY = "1,2";
			};
			name = Release;
		};
		4848147F25195F0500CC422A /* Debug */ = {
			isa = XCBuildConfiguration;
			buildSettings = {
				ALWAYS_EMBED_SWIFT_STANDARD_LIBRARIES = YES;
				BUNDLE_LOADER = "$(TEST_HOST)";
				CODE_SIGN_STYLE = Automatic;
				INFOPLIST_FILE = "Car Race GameTests/Info.plist";
				IPHONEOS_DEPLOYMENT_TARGET = 13.5;
				LD_RUNPATH_SEARCH_PATHS = (
					"$(inherited)",
					"@executable_path/Frameworks",
					"@loader_path/Frameworks",
				);
				PRODUCT_BUNDLE_IDENTIFIER = "alina.Car-Race-GameTests";
				PRODUCT_NAME = "$(TARGET_NAME)";
				SWIFT_VERSION = 5.0;
				TARGETED_DEVICE_FAMILY = "1,2";
				TEST_HOST = "$(BUILT_PRODUCTS_DIR)/Car Race Game.app/Car Race Game";
			};
			name = Debug;
		};
		4848148025195F0500CC422A /* Release */ = {
			isa = XCBuildConfiguration;
			buildSettings = {
				ALWAYS_EMBED_SWIFT_STANDARD_LIBRARIES = YES;
				BUNDLE_LOADER = "$(TEST_HOST)";
				CODE_SIGN_STYLE = Automatic;
				INFOPLIST_FILE = "Car Race GameTests/Info.plist";
				IPHONEOS_DEPLOYMENT_TARGET = 13.5;
				LD_RUNPATH_SEARCH_PATHS = (
					"$(inherited)",
					"@executable_path/Frameworks",
					"@loader_path/Frameworks",
				);
				PRODUCT_BUNDLE_IDENTIFIER = "alina.Car-Race-GameTests";
				PRODUCT_NAME = "$(TARGET_NAME)";
				SWIFT_VERSION = 5.0;
				TARGETED_DEVICE_FAMILY = "1,2";
				TEST_HOST = "$(BUILT_PRODUCTS_DIR)/Car Race Game.app/Car Race Game";
			};
			name = Release;
		};
		4848148225195F0500CC422A /* Debug */ = {
			isa = XCBuildConfiguration;
			buildSettings = {
				ALWAYS_EMBED_SWIFT_STANDARD_LIBRARIES = YES;
				CODE_SIGN_STYLE = Automatic;
				INFOPLIST_FILE = "Car Race GameUITests/Info.plist";
				LD_RUNPATH_SEARCH_PATHS = (
					"$(inherited)",
					"@executable_path/Frameworks",
					"@loader_path/Frameworks",
				);
				PRODUCT_BUNDLE_IDENTIFIER = "alina.Car-Race-GameUITests";
				PRODUCT_NAME = "$(TARGET_NAME)";
				SWIFT_VERSION = 5.0;
				TARGETED_DEVICE_FAMILY = "1,2";
				TEST_TARGET_NAME = "Car Race Game";
			};
			name = Debug;
		};
		4848148325195F0500CC422A /* Release */ = {
			isa = XCBuildConfiguration;
			buildSettings = {
				ALWAYS_EMBED_SWIFT_STANDARD_LIBRARIES = YES;
				CODE_SIGN_STYLE = Automatic;
				INFOPLIST_FILE = "Car Race GameUITests/Info.plist";
				LD_RUNPATH_SEARCH_PATHS = (
					"$(inherited)",
					"@executable_path/Frameworks",
					"@loader_path/Frameworks",
				);
				PRODUCT_BUNDLE_IDENTIFIER = "alina.Car-Race-GameUITests";
				PRODUCT_NAME = "$(TARGET_NAME)";
				SWIFT_VERSION = 5.0;
				TARGETED_DEVICE_FAMILY = "1,2";
				TEST_TARGET_NAME = "Car Race Game";
			};
			name = Release;
		};
/* End XCBuildConfiguration section */

/* Begin XCConfigurationList section */
		4848144C25195F0200CC422A /* Build configuration list for PBXProject "Car Race Game" */ = {
			isa = XCConfigurationList;
			buildConfigurations = (
				4848147925195F0500CC422A /* Debug */,
				4848147A25195F0500CC422A /* Release */,
			);
			defaultConfigurationIsVisible = 0;
			defaultConfigurationName = Release;
		};
		4848147B25195F0500CC422A /* Build configuration list for PBXNativeTarget "Car Race Game" */ = {
			isa = XCConfigurationList;
			buildConfigurations = (
				4848147C25195F0500CC422A /* Debug */,
				4848147D25195F0500CC422A /* Release */,
			);
			defaultConfigurationIsVisible = 0;
			defaultConfigurationName = Release;
		};
		4848147E25195F0500CC422A /* Build configuration list for PBXNativeTarget "Car Race GameTests" */ = {
			isa = XCConfigurationList;
			buildConfigurations = (
				4848147F25195F0500CC422A /* Debug */,
				4848148025195F0500CC422A /* Release */,
			);
			defaultConfigurationIsVisible = 0;
			defaultConfigurationName = Release;
		};
		4848148125195F0500CC422A /* Build configuration list for PBXNativeTarget "Car Race GameUITests" */ = {
			isa = XCConfigurationList;
			buildConfigurations = (
				4848148225195F0500CC422A /* Debug */,
				4848148325195F0500CC422A /* Release */,
			);
			defaultConfigurationIsVisible = 0;
			defaultConfigurationName = Release;
		};
/* End XCConfigurationList section */
	};
	rootObject = 4848144925195F0200CC422A /* Project object */;
}
