// !$*UTF8*$!
{
	archiveVersion = 1;
	classes = {
	};
	objectVersion = 50;
	objects = {

/* Begin PBXBuildFile section */
		4850EA9F2553591800C7F411 /* View+Shadows.swift in Sources */ = {isa = PBXBuildFile; fileRef = 4850EA9E2553591800C7F411 /* View+Shadows.swift */; };
		48E644BE25516CDD0066CA42 /* AppDelegate.swift in Sources */ = {isa = PBXBuildFile; fileRef = 48E644BD25516CDD0066CA42 /* AppDelegate.swift */; };
		48E644C025516CDD0066CA42 /* SceneDelegate.swift in Sources */ = {isa = PBXBuildFile; fileRef = 48E644BF25516CDD0066CA42 /* SceneDelegate.swift */; };
		48E644C225516CDD0066CA42 /* ViewController.swift in Sources */ = {isa = PBXBuildFile; fileRef = 48E644C125516CDD0066CA42 /* ViewController.swift */; };
		48E644C525516CDD0066CA42 /* Main.storyboard in Resources */ = {isa = PBXBuildFile; fileRef = 48E644C325516CDD0066CA42 /* Main.storyboard */; };
		48E644C725516CDF0066CA42 /* Assets.xcassets in Resources */ = {isa = PBXBuildFile; fileRef = 48E644C625516CDF0066CA42 /* Assets.xcassets */; };
		48E644CA25516CDF0066CA42 /* LaunchScreen.storyboard in Resources */ = {isa = PBXBuildFile; fileRef = 48E644C825516CDF0066CA42 /* LaunchScreen.storyboard */; };
		48E644D525516CDF0066CA42 /* Instagramish_AppTests.swift in Sources */ = {isa = PBXBuildFile; fileRef = 48E644D425516CDF0066CA42 /* Instagramish_AppTests.swift */; };
		48E644E025516CDF0066CA42 /* Instagramish_AppUITests.swift in Sources */ = {isa = PBXBuildFile; fileRef = 48E644DF25516CDF0066CA42 /* Instagramish_AppUITests.swift */; };
		48E644EE255170CA0066CA42 /* ImageProperties.swift in Sources */ = {isa = PBXBuildFile; fileRef = 48E644ED255170CA0066CA42 /* ImageProperties.swift */; };
/* End PBXBuildFile section */

/* Begin PBXContainerItemProxy section */
		48E644D125516CDF0066CA42 /* PBXContainerItemProxy */ = {
			isa = PBXContainerItemProxy;
			containerPortal = 48E644B225516CDD0066CA42 /* Project object */;
			proxyType = 1;
			remoteGlobalIDString = 48E644B925516CDD0066CA42;
			remoteInfo = Instagramish_App;
		};
		48E644DC25516CDF0066CA42 /* PBXContainerItemProxy */ = {
			isa = PBXContainerItemProxy;
			containerPortal = 48E644B225516CDD0066CA42 /* Project object */;
			proxyType = 1;
			remoteGlobalIDString = 48E644B925516CDD0066CA42;
			remoteInfo = Instagramish_App;
		};
/* End PBXContainerItemProxy section */

/* Begin PBXFileReference section */
		4850EA9E2553591800C7F411 /* View+Shadows.swift */ = {isa = PBXFileReference; lastKnownFileType = sourcecode.swift; path = "View+Shadows.swift"; sourceTree = "<group>"; };
		48E644BA25516CDD0066CA42 /* Instagramish_App.app */ = {isa = PBXFileReference; explicitFileType = wrapper.application; includeInIndex = 0; path = Instagramish_App.app; sourceTree = BUILT_PRODUCTS_DIR; };
		48E644BD25516CDD0066CA42 /* AppDelegate.swift */ = {isa = PBXFileReference; lastKnownFileType = sourcecode.swift; path = AppDelegate.swift; sourceTree = "<group>"; };
		48E644BF25516CDD0066CA42 /* SceneDelegate.swift */ = {isa = PBXFileReference; lastKnownFileType = sourcecode.swift; path = SceneDelegate.swift; sourceTree = "<group>"; };
		48E644C125516CDD0066CA42 /* ViewController.swift */ = {isa = PBXFileReference; lastKnownFileType = sourcecode.swift; path = ViewController.swift; sourceTree = "<group>"; };
		48E644C425516CDD0066CA42 /* Base */ = {isa = PBXFileReference; lastKnownFileType = file.storyboard; name = Base; path = Base.lproj/Main.storyboard; sourceTree = "<group>"; };
		48E644C625516CDF0066CA42 /* Assets.xcassets */ = {isa = PBXFileReference; lastKnownFileType = folder.assetcatalog; path = Assets.xcassets; sourceTree = "<group>"; };
		48E644C925516CDF0066CA42 /* Base */ = {isa = PBXFileReference; lastKnownFileType = file.storyboard; name = Base; path = Base.lproj/LaunchScreen.storyboard; sourceTree = "<group>"; };
		48E644CB25516CDF0066CA42 /* Info.plist */ = {isa = PBXFileReference; lastKnownFileType = text.plist.xml; path = Info.plist; sourceTree = "<group>"; };
		48E644D025516CDF0066CA42 /* Instagramish_AppTests.xctest */ = {isa = PBXFileReference; explicitFileType = wrapper.cfbundle; includeInIndex = 0; path = Instagramish_AppTests.xctest; sourceTree = BUILT_PRODUCTS_DIR; };
		48E644D425516CDF0066CA42 /* Instagramish_AppTests.swift */ = {isa = PBXFileReference; lastKnownFileType = sourcecode.swift; path = Instagramish_AppTests.swift; sourceTree = "<group>"; };
		48E644D625516CDF0066CA42 /* Info.plist */ = {isa = PBXFileReference; lastKnownFileType = text.plist.xml; path = Info.plist; sourceTree = "<group>"; };
		48E644DB25516CDF0066CA42 /* Instagramish_AppUITests.xctest */ = {isa = PBXFileReference; explicitFileType = wrapper.cfbundle; includeInIndex = 0; path = Instagramish_AppUITests.xctest; sourceTree = BUILT_PRODUCTS_DIR; };
		48E644DF25516CDF0066CA42 /* Instagramish_AppUITests.swift */ = {isa = PBXFileReference; lastKnownFileType = sourcecode.swift; path = Instagramish_AppUITests.swift; sourceTree = "<group>"; };
		48E644E125516CDF0066CA42 /* Info.plist */ = {isa = PBXFileReference; lastKnownFileType = text.plist.xml; path = Info.plist; sourceTree = "<group>"; };
		48E644ED255170CA0066CA42 /* ImageProperties.swift */ = {isa = PBXFileReference; lastKnownFileType = sourcecode.swift; path = ImageProperties.swift; sourceTree = "<group>"; };
/* End PBXFileReference section */

/* Begin PBXFrameworksBuildPhase section */
		48E644B725516CDD0066CA42 /* Frameworks */ = {
			isa = PBXFrameworksBuildPhase;
			buildActionMask = 2147483647;
			files = (
			);
			runOnlyForDeploymentPostprocessing = 0;
		};
		48E644CD25516CDF0066CA42 /* Frameworks */ = {
			isa = PBXFrameworksBuildPhase;
			buildActionMask = 2147483647;
			files = (
			);
			runOnlyForDeploymentPostprocessing = 0;
		};
		48E644D825516CDF0066CA42 /* Frameworks */ = {
			isa = PBXFrameworksBuildPhase;
			buildActionMask = 2147483647;
			files = (
			);
			runOnlyForDeploymentPostprocessing = 0;
		};
/* End PBXFrameworksBuildPhase section */

/* Begin PBXGroup section */
		48E644B125516CDD0066CA42 = {
			isa = PBXGroup;
			children = (
				48E644BC25516CDD0066CA42 /* Instagramish_App */,
				48E644D325516CDF0066CA42 /* Instagramish_AppTests */,
				48E644DE25516CDF0066CA42 /* Instagramish_AppUITests */,
				48E644BB25516CDD0066CA42 /* Products */,
			);
			sourceTree = "<group>";
		};
		48E644BB25516CDD0066CA42 /* Products */ = {
			isa = PBXGroup;
			children = (
				48E644BA25516CDD0066CA42 /* Instagramish_App.app */,
				48E644D025516CDF0066CA42 /* Instagramish_AppTests.xctest */,
				48E644DB25516CDF0066CA42 /* Instagramish_AppUITests.xctest */,
			);
			name = Products;
			sourceTree = "<group>";
		};
		48E644BC25516CDD0066CA42 /* Instagramish_App */ = {
			isa = PBXGroup;
			children = (
				48E644BD25516CDD0066CA42 /* AppDelegate.swift */,
				48E644BF25516CDD0066CA42 /* SceneDelegate.swift */,
				48E644C125516CDD0066CA42 /* ViewController.swift */,
				4850EA9E2553591800C7F411 /* View+Shadows.swift */,
				48E644ED255170CA0066CA42 /* ImageProperties.swift */,
				48E644C325516CDD0066CA42 /* Main.storyboard */,
				48E644C625516CDF0066CA42 /* Assets.xcassets */,
				48E644C825516CDF0066CA42 /* LaunchScreen.storyboard */,
				48E644CB25516CDF0066CA42 /* Info.plist */,
			);
			path = Instagramish_App;
			sourceTree = "<group>";
		};
		48E644D325516CDF0066CA42 /* Instagramish_AppTests */ = {
			isa = PBXGroup;
			children = (
				48E644D425516CDF0066CA42 /* Instagramish_AppTests.swift */,
				48E644D625516CDF0066CA42 /* Info.plist */,
			);
			path = Instagramish_AppTests;
			sourceTree = "<group>";
		};
		48E644DE25516CDF0066CA42 /* Instagramish_AppUITests */ = {
			isa = PBXGroup;
			children = (
				48E644DF25516CDF0066CA42 /* Instagramish_AppUITests.swift */,
				48E644E125516CDF0066CA42 /* Info.plist */,
			);
			path = Instagramish_AppUITests;
			sourceTree = "<group>";
		};
/* End PBXGroup section */

/* Begin PBXNativeTarget section */
		48E644B925516CDD0066CA42 /* Instagramish_App */ = {
			isa = PBXNativeTarget;
			buildConfigurationList = 48E644E425516CDF0066CA42 /* Build configuration list for PBXNativeTarget "Instagramish_App" */;
			buildPhases = (
				48E644B625516CDD0066CA42 /* Sources */,
				48E644B725516CDD0066CA42 /* Frameworks */,
				48E644B825516CDD0066CA42 /* Resources */,
			);
			buildRules = (
			);
			dependencies = (
			);
			name = Instagramish_App;
			productName = Instagramish_App;
			productReference = 48E644BA25516CDD0066CA42 /* Instagramish_App.app */;
			productType = "com.apple.product-type.application";
		};
		48E644CF25516CDF0066CA42 /* Instagramish_AppTests */ = {
			isa = PBXNativeTarget;
			buildConfigurationList = 48E644E725516CDF0066CA42 /* Build configuration list for PBXNativeTarget "Instagramish_AppTests" */;
			buildPhases = (
				48E644CC25516CDF0066CA42 /* Sources */,
				48E644CD25516CDF0066CA42 /* Frameworks */,
				48E644CE25516CDF0066CA42 /* Resources */,
			);
			buildRules = (
			);
			dependencies = (
				48E644D225516CDF0066CA42 /* PBXTargetDependency */,
			);
			name = Instagramish_AppTests;
			productName = Instagramish_AppTests;
			productReference = 48E644D025516CDF0066CA42 /* Instagramish_AppTests.xctest */;
			productType = "com.apple.product-type.bundle.unit-test";
		};
		48E644DA25516CDF0066CA42 /* Instagramish_AppUITests */ = {
			isa = PBXNativeTarget;
			buildConfigurationList = 48E644EA25516CDF0066CA42 /* Build configuration list for PBXNativeTarget "Instagramish_AppUITests" */;
			buildPhases = (
				48E644D725516CDF0066CA42 /* Sources */,
				48E644D825516CDF0066CA42 /* Frameworks */,
				48E644D925516CDF0066CA42 /* Resources */,
			);
			buildRules = (
			);
			dependencies = (
				48E644DD25516CDF0066CA42 /* PBXTargetDependency */,
			);
			name = Instagramish_AppUITests;
			productName = Instagramish_AppUITests;
			productReference = 48E644DB25516CDF0066CA42 /* Instagramish_AppUITests.xctest */;
			productType = "com.apple.product-type.bundle.ui-testing";
		};
/* End PBXNativeTarget section */

/* Begin PBXProject section */
		48E644B225516CDD0066CA42 /* Project object */ = {
			isa = PBXProject;
			attributes = {
				LastSwiftUpdateCheck = 1150;
				LastUpgradeCheck = 1150;
				ORGANIZATIONNAME = "Алина Ненашева";
				TargetAttributes = {
					48E644B925516CDD0066CA42 = {
						CreatedOnToolsVersion = 11.5;
					};
					48E644CF25516CDF0066CA42 = {
						CreatedOnToolsVersion = 11.5;
						TestTargetID = 48E644B925516CDD0066CA42;
					};
					48E644DA25516CDF0066CA42 = {
						CreatedOnToolsVersion = 11.5;
						TestTargetID = 48E644B925516CDD0066CA42;
					};
				};
			};
			buildConfigurationList = 48E644B525516CDD0066CA42 /* Build configuration list for PBXProject "Instagramish_App" */;
			compatibilityVersion = "Xcode 9.3";
			developmentRegion = en;
			hasScannedForEncodings = 0;
			knownRegions = (
				en,
				Base,
			);
			mainGroup = 48E644B125516CDD0066CA42;
			productRefGroup = 48E644BB25516CDD0066CA42 /* Products */;
			projectDirPath = "";
			projectRoot = "";
			targets = (
				48E644B925516CDD0066CA42 /* Instagramish_App */,
				48E644CF25516CDF0066CA42 /* Instagramish_AppTests */,
				48E644DA25516CDF0066CA42 /* Instagramish_AppUITests */,
			);
		};
/* End PBXProject section */

/* Begin PBXResourcesBuildPhase section */
		48E644B825516CDD0066CA42 /* Resources */ = {
			isa = PBXResourcesBuildPhase;
			buildActionMask = 2147483647;
			files = (
				48E644CA25516CDF0066CA42 /* LaunchScreen.storyboard in Resources */,
				48E644C725516CDF0066CA42 /* Assets.xcassets in Resources */,
				48E644C525516CDD0066CA42 /* Main.storyboard in Resources */,
			);
			runOnlyForDeploymentPostprocessing = 0;
		};
		48E644CE25516CDF0066CA42 /* Resources */ = {
			isa = PBXResourcesBuildPhase;
			buildActionMask = 2147483647;
			files = (
			);
			runOnlyForDeploymentPostprocessing = 0;
		};
		48E644D925516CDF0066CA42 /* Resources */ = {
			isa = PBXResourcesBuildPhase;
			buildActionMask = 2147483647;
			files = (
			);
			runOnlyForDeploymentPostprocessing = 0;
		};
/* End PBXResourcesBuildPhase section */

/* Begin PBXSourcesBuildPhase section */
		48E644B625516CDD0066CA42 /* Sources */ = {
			isa = PBXSourcesBuildPhase;
			buildActionMask = 2147483647;
			files = (
				48E644EE255170CA0066CA42 /* ImageProperties.swift in Sources */,
				4850EA9F2553591800C7F411 /* View+Shadows.swift in Sources */,
				48E644C225516CDD0066CA42 /* ViewController.swift in Sources */,
				48E644BE25516CDD0066CA42 /* AppDelegate.swift in Sources */,
				48E644C025516CDD0066CA42 /* SceneDelegate.swift in Sources */,
			);
			runOnlyForDeploymentPostprocessing = 0;
		};
		48E644CC25516CDF0066CA42 /* Sources */ = {
			isa = PBXSourcesBuildPhase;
			buildActionMask = 2147483647;
			files = (
				48E644D525516CDF0066CA42 /* Instagramish_AppTests.swift in Sources */,
			);
			runOnlyForDeploymentPostprocessing = 0;
		};
		48E644D725516CDF0066CA42 /* Sources */ = {
			isa = PBXSourcesBuildPhase;
			buildActionMask = 2147483647;
			files = (
				48E644E025516CDF0066CA42 /* Instagramish_AppUITests.swift in Sources */,
			);
			runOnlyForDeploymentPostprocessing = 0;
		};
/* End PBXSourcesBuildPhase section */

/* Begin PBXTargetDependency section */
		48E644D225516CDF0066CA42 /* PBXTargetDependency */ = {
			isa = PBXTargetDependency;
			target = 48E644B925516CDD0066CA42 /* Instagramish_App */;
			targetProxy = 48E644D125516CDF0066CA42 /* PBXContainerItemProxy */;
		};
		48E644DD25516CDF0066CA42 /* PBXTargetDependency */ = {
			isa = PBXTargetDependency;
			target = 48E644B925516CDD0066CA42 /* Instagramish_App */;
			targetProxy = 48E644DC25516CDF0066CA42 /* PBXContainerItemProxy */;
		};
/* End PBXTargetDependency section */

/* Begin PBXVariantGroup section */
		48E644C325516CDD0066CA42 /* Main.storyboard */ = {
			isa = PBXVariantGroup;
			children = (
				48E644C425516CDD0066CA42 /* Base */,
			);
			name = Main.storyboard;
			sourceTree = "<group>";
		};
		48E644C825516CDF0066CA42 /* LaunchScreen.storyboard */ = {
			isa = PBXVariantGroup;
			children = (
				48E644C925516CDF0066CA42 /* Base */,
			);
			name = LaunchScreen.storyboard;
			sourceTree = "<group>";
		};
/* End PBXVariantGroup section */

/* Begin XCBuildConfiguration section */
		48E644E225516CDF0066CA42 /* Debug */ = {
			isa = XCBuildConfiguration;
			buildSettings = {
				ALWAYS_SEARCH_USER_PATHS = NO;
				CLANG_ANALYZER_NONNULL = YES;
				CLANG_ANALYZER_NUMBER_OBJECT_CONVERSION = YES_AGGRESSIVE;
				CLANG_CXX_LANGUAGE_STANDARD = "gnu++14";
				CLANG_CXX_LIBRARY = "libc++";
				CLANG_ENABLE_MODULES = YES;
				CLANG_ENABLE_OBJC_ARC = YES;
				CLANG_ENABLE_OBJC_WEAK = YES;
				CLANG_WARN_BLOCK_CAPTURE_AUTORELEASING = YES;
				CLANG_WARN_BOOL_CONVERSION = YES;
				CLANG_WARN_COMMA = YES;
				CLANG_WARN_CONSTANT_CONVERSION = YES;
				CLANG_WARN_DEPRECATED_OBJC_IMPLEMENTATIONS = YES;
				CLANG_WARN_DIRECT_OBJC_ISA_USAGE = YES_ERROR;
				CLANG_WARN_DOCUMENTATION_COMMENTS = YES;
				CLANG_WARN_EMPTY_BODY = YES;
				CLANG_WARN_ENUM_CONVERSION = YES;
				CLANG_WARN_INFINITE_RECURSION = YES;
				CLANG_WARN_INT_CONVERSION = YES;
				CLANG_WARN_NON_LITERAL_NULL_CONVERSION = YES;
				CLANG_WARN_OBJC_IMPLICIT_RETAIN_SELF = YES;
				CLANG_WARN_OBJC_LITERAL_CONVERSION = YES;
				CLANG_WARN_OBJC_ROOT_CLASS = YES_ERROR;
				CLANG_WARN_RANGE_LOOP_ANALYSIS = YES;
				CLANG_WARN_STRICT_PROTOTYPES = YES;
				CLANG_WARN_SUSPICIOUS_MOVE = YES;
				CLANG_WARN_UNGUARDED_AVAILABILITY = YES_AGGRESSIVE;
				CLANG_WARN_UNREACHABLE_CODE = YES;
				CLANG_WARN__DUPLICATE_METHOD_MATCH = YES;
				COPY_PHASE_STRIP = NO;
				DEBUG_INFORMATION_FORMAT = dwarf;
				ENABLE_STRICT_OBJC_MSGSEND = YES;
				ENABLE_TESTABILITY = YES;
				GCC_C_LANGUAGE_STANDARD = gnu11;
				GCC_DYNAMIC_NO_PIC = NO;
				GCC_NO_COMMON_BLOCKS = YES;
				GCC_OPTIMIZATION_LEVEL = 0;
				GCC_PREPROCESSOR_DEFINITIONS = (
					"DEBUG=1",
					"$(inherited)",
				);
				GCC_WARN_64_TO_32_BIT_CONVERSION = YES;
				GCC_WARN_ABOUT_RETURN_TYPE = YES_ERROR;
				GCC_WARN_UNDECLARED_SELECTOR = YES;
				GCC_WARN_UNINITIALIZED_AUTOS = YES_AGGRESSIVE;
				GCC_WARN_UNUSED_FUNCTION = YES;
				GCC_WARN_UNUSED_VARIABLE = YES;
				IPHONEOS_DEPLOYMENT_TARGET = 13.5;
				MTL_ENABLE_DEBUG_INFO = INCLUDE_SOURCE;
				MTL_FAST_MATH = YES;
				ONLY_ACTIVE_ARCH = YES;
				SDKROOT = iphoneos;
				SWIFT_ACTIVE_COMPILATION_CONDITIONS = DEBUG;
				SWIFT_OPTIMIZATION_LEVEL = "-Onone";
			};
			name = Debug;
		};
		48E644E325516CDF0066CA42 /* Release */ = {
			isa = XCBuildConfiguration;
			buildSettings = {
				ALWAYS_SEARCH_USER_PATHS = NO;
				CLANG_ANALYZER_NONNULL = YES;
				CLANG_ANALYZER_NUMBER_OBJECT_CONVERSION = YES_AGGRESSIVE;
				CLANG_CXX_LANGUAGE_STANDARD = "gnu++14";
				CLANG_CXX_LIBRARY = "libc++";
				CLANG_ENABLE_MODULES = YES;
				CLANG_ENABLE_OBJC_ARC = YES;
				CLANG_ENABLE_OBJC_WEAK = YES;
				CLANG_WARN_BLOCK_CAPTURE_AUTORELEASING = YES;
				CLANG_WARN_BOOL_CONVERSION = YES;
				CLANG_WARN_COMMA = YES;
				CLANG_WARN_CONSTANT_CONVERSION = YES;
				CLANG_WARN_DEPRECATED_OBJC_IMPLEMENTATIONS = YES;
				CLANG_WARN_DIRECT_OBJC_ISA_USAGE = YES_ERROR;
				CLANG_WARN_DOCUMENTATION_COMMENTS = YES;
				CLANG_WARN_EMPTY_BODY = YES;
				CLANG_WARN_ENUM_CONVERSION = YES;
				CLANG_WARN_INFINITE_RECURSION = YES;
				CLANG_WARN_INT_CONVERSION = YES;
				CLANG_WARN_NON_LITERAL_NULL_CONVERSION = YES;
				CLANG_WARN_OBJC_IMPLICIT_RETAIN_SELF = YES;
				CLANG_WARN_OBJC_LITERAL_CONVERSION = YES;
				CLANG_WARN_OBJC_ROOT_CLASS = YES_ERROR;
				CLANG_WARN_RANGE_LOOP_ANALYSIS = YES;
				CLANG_WARN_STRICT_PROTOTYPES = YES;
				CLANG_WARN_SUSPICIOUS_MOVE = YES;
				CLANG_WARN_UNGUARDED_AVAILABILITY = YES_AGGRESSIVE;
				CLANG_WARN_UNREACHABLE_CODE = YES;
				CLANG_WARN__DUPLICATE_METHOD_MATCH = YES;
				COPY_PHASE_STRIP = NO;
				DEBUG_INFORMATION_FORMAT = "dwarf-with-dsym";
				ENABLE_NS_ASSERTIONS = NO;
				ENABLE_STRICT_OBJC_MSGSEND = YES;
				GCC_C_LANGUAGE_STANDARD = gnu11;
				GCC_NO_COMMON_BLOCKS = YES;
				GCC_WARN_64_TO_32_BIT_CONVERSION = YES;
				GCC_WARN_ABOUT_RETURN_TYPE = YES_ERROR;
				GCC_WARN_UNDECLARED_SELECTOR = YES;
				GCC_WARN_UNINITIALIZED_AUTOS = YES_AGGRESSIVE;
				GCC_WARN_UNUSED_FUNCTION = YES;
				GCC_WARN_UNUSED_VARIABLE = YES;
				IPHONEOS_DEPLOYMENT_TARGET = 13.5;
				MTL_ENABLE_DEBUG_INFO = NO;
				MTL_FAST_MATH = YES;
				SDKROOT = iphoneos;
				SWIFT_COMPILATION_MODE = wholemodule;
				SWIFT_OPTIMIZATION_LEVEL = "-O";
				VALIDATE_PRODUCT = YES;
			};
			name = Release;
		};
		48E644E525516CDF0066CA42 /* Debug */ = {
			isa = XCBuildConfiguration;
			buildSettings = {
				ASSETCATALOG_COMPILER_APPICON_NAME = AppIcon;
				CODE_SIGN_STYLE = Automatic;
				INFOPLIST_FILE = Instagramish_App/Info.plist;
				LD_RUNPATH_SEARCH_PATHS = (
					"$(inherited)",
					"@executable_path/Frameworks",
				);
				PRODUCT_BUNDLE_IDENTIFIER = "alina.Instagramish-App";
				PRODUCT_NAME = "$(TARGET_NAME)";
				SWIFT_VERSION = 5.0;
				TARGETED_DEVICE_FAMILY = "1,2";
			};
			name = Debug;
		};
		48E644E625516CDF0066CA42 /* Release */ = {
			isa = XCBuildConfiguration;
			buildSettings = {
				ASSETCATALOG_COMPILER_APPICON_NAME = AppIcon;
				CODE_SIGN_STYLE = Automatic;
				INFOPLIST_FILE = Instagramish_App/Info.plist;
				LD_RUNPATH_SEARCH_PATHS = (
					"$(inherited)",
					"@executable_path/Frameworks",
				);
				PRODUCT_BUNDLE_IDENTIFIER = "alina.Instagramish-App";
				PRODUCT_NAME = "$(TARGET_NAME)";
				SWIFT_VERSION = 5.0;
				TARGETED_DEVICE_FAMILY = "1,2";
			};
			name = Release;
		};
		48E644E825516CDF0066CA42 /* Debug */ = {
			isa = XCBuildConfiguration;
			buildSettings = {
				ALWAYS_EMBED_SWIFT_STANDARD_LIBRARIES = YES;
				BUNDLE_LOADER = "$(TEST_HOST)";
				CODE_SIGN_STYLE = Automatic;
				INFOPLIST_FILE = Instagramish_AppTests/Info.plist;
				IPHONEOS_DEPLOYMENT_TARGET = 13.5;
				LD_RUNPATH_SEARCH_PATHS = (
					"$(inherited)",
					"@executable_path/Frameworks",
					"@loader_path/Frameworks",
				);
				PRODUCT_BUNDLE_IDENTIFIER = "alina.Instagramish-AppTests";
				PRODUCT_NAME = "$(TARGET_NAME)";
				SWIFT_VERSION = 5.0;
				TARGETED_DEVICE_FAMILY = "1,2";
				TEST_HOST = "$(BUILT_PRODUCTS_DIR)/Instagramish_App.app/Instagramish_App";
			};
			name = Debug;
		};
		48E644E925516CDF0066CA42 /* Release */ = {
			isa = XCBuildConfiguration;
			buildSettings = {
				ALWAYS_EMBED_SWIFT_STANDARD_LIBRARIES = YES;
				BUNDLE_LOADER = "$(TEST_HOST)";
				CODE_SIGN_STYLE = Automatic;
				INFOPLIST_FILE = Instagramish_AppTests/Info.plist;
				IPHONEOS_DEPLOYMENT_TARGET = 13.5;
				LD_RUNPATH_SEARCH_PATHS = (
					"$(inherited)",
					"@executable_path/Frameworks",
					"@loader_path/Frameworks",
				);
				PRODUCT_BUNDLE_IDENTIFIER = "alina.Instagramish-AppTests";
				PRODUCT_NAME = "$(TARGET_NAME)";
				SWIFT_VERSION = 5.0;
				TARGETED_DEVICE_FAMILY = "1,2";
				TEST_HOST = "$(BUILT_PRODUCTS_DIR)/Instagramish_App.app/Instagramish_App";
			};
			name = Release;
		};
		48E644EB25516CDF0066CA42 /* Debug */ = {
			isa = XCBuildConfiguration;
			buildSettings = {
				ALWAYS_EMBED_SWIFT_STANDARD_LIBRARIES = YES;
				CODE_SIGN_STYLE = Automatic;
				INFOPLIST_FILE = Instagramish_AppUITests/Info.plist;
				LD_RUNPATH_SEARCH_PATHS = (
					"$(inherited)",
					"@executable_path/Frameworks",
					"@loader_path/Frameworks",
				);
				PRODUCT_BUNDLE_IDENTIFIER = "alina.Instagramish-AppUITests";
				PRODUCT_NAME = "$(TARGET_NAME)";
				SWIFT_VERSION = 5.0;
				TARGETED_DEVICE_FAMILY = "1,2";
				TEST_TARGET_NAME = Instagramish_App;
			};
			name = Debug;
		};
		48E644EC25516CDF0066CA42 /* Release */ = {
			isa = XCBuildConfiguration;
			buildSettings = {
				ALWAYS_EMBED_SWIFT_STANDARD_LIBRARIES = YES;
				CODE_SIGN_STYLE = Automatic;
				INFOPLIST_FILE = Instagramish_AppUITests/Info.plist;
				LD_RUNPATH_SEARCH_PATHS = (
					"$(inherited)",
					"@executable_path/Frameworks",
					"@loader_path/Frameworks",
				);
				PRODUCT_BUNDLE_IDENTIFIER = "alina.Instagramish-AppUITests";
				PRODUCT_NAME = "$(TARGET_NAME)";
				SWIFT_VERSION = 5.0;
				TARGETED_DEVICE_FAMILY = "1,2";
				TEST_TARGET_NAME = Instagramish_App;
			};
			name = Release;
		};
/* End XCBuildConfiguration section */

/* Begin XCConfigurationList section */
		48E644B525516CDD0066CA42 /* Build configuration list for PBXProject "Instagramish_App" */ = {
			isa = XCConfigurationList;
			buildConfigurations = (
				48E644E225516CDF0066CA42 /* Debug */,
				48E644E325516CDF0066CA42 /* Release */,
			);
			defaultConfigurationIsVisible = 0;
			defaultConfigurationName = Release;
		};
		48E644E425516CDF0066CA42 /* Build configuration list for PBXNativeTarget "Instagramish_App" */ = {
			isa = XCConfigurationList;
			buildConfigurations = (
				48E644E525516CDF0066CA42 /* Debug */,
				48E644E625516CDF0066CA42 /* Release */,
			);
			defaultConfigurationIsVisible = 0;
			defaultConfigurationName = Release;
		};
		48E644E725516CDF0066CA42 /* Build configuration list for PBXNativeTarget "Instagramish_AppTests" */ = {
			isa = XCConfigurationList;
			buildConfigurations = (
				48E644E825516CDF0066CA42 /* Debug */,
				48E644E925516CDF0066CA42 /* Release */,
			);
			defaultConfigurationIsVisible = 0;
			defaultConfigurationName = Release;
		};
		48E644EA25516CDF0066CA42 /* Build configuration list for PBXNativeTarget "Instagramish_AppUITests" */ = {
			isa = XCConfigurationList;
			buildConfigurations = (
				48E644EB25516CDF0066CA42 /* Debug */,
				48E644EC25516CDF0066CA42 /* Release */,
			);
			defaultConfigurationIsVisible = 0;
			defaultConfigurationName = Release;
		};
/* End XCConfigurationList section */
	};
	rootObject = 48E644B225516CDD0066CA42 /* Project object */;
}
